{
  "name": "static",
  "lockfileVersion": 2,
  "requires": true,
  "packages": {
    "": {
      "dependencies": {
        "@fontsource/jetbrains-mono": "^4.5.11",
        "@fontsource/public-sans": "^4.5.11",
        "autosize": "^5.0.2",
        "bootstrap-icons": "^1.10.2",
        "fake-avatars": "^1.0.2",
        "fast-myers-diff": "^3.0.1",
        "mousetrap": "^1.6.5",
        "scroll-into-view-if-needed": "^3.0.3",
        "text-field-edit": "^3.2.0",
        "textarea-caret": "^3.1.0",
        "tippy.js": "^6.3.7"
      },
      "devDependencies": {
        "esbuild": "^0.16.2"
      }
    },
    "node_modules/@esbuild/android-arm": {
      "version": "0.16.2",
      "resolved": "https://registry.npmjs.org/@esbuild/android-arm/-/android-arm-0.16.2.tgz",
      "integrity": "sha512-t8zq/Ad8njye3tYkbdBYAEGBExCyqFuPnKmKgLBF9+nIwAS/V3FYck6BjAx813JCGXkNsR1iriS8jQFwydT+FA==",
      "cpu": [
        "arm"
      ],
      "dev": true,
      "optional": true,
      "os": [
        "android"
      ],
      "engines": {
        "node": ">=12"
      }
    },
    "node_modules/@esbuild/android-arm64": {
      "version": "0.16.2",
      "resolved": "https://registry.npmjs.org/@esbuild/android-arm64/-/android-arm64-0.16.2.tgz",
      "integrity": "sha512-3CjbygjFHmtxDW59FOUM1T28G+aVqzbM+cNNinMgRUq+bmAstJdqmJL/KqpUwuCRTri4BgHJRWQbHOQFLwIpxw==",
      "cpu": [
        "arm64"
      ],
      "dev": true,
      "optional": true,
      "os": [
        "android"
      ],
      "engines": {
        "node": ">=12"
      }
    },
    "node_modules/@esbuild/android-x64": {
      "version": "0.16.2",
      "resolved": "https://registry.npmjs.org/@esbuild/android-x64/-/android-x64-0.16.2.tgz",
      "integrity": "sha512-J5pzzVs9gHRQff8vUBhGMRQU1avwD9IVTSfzhdnKRqlxq0hsdcgZxH95Ckj/q2KJ4nMPYfDBSRXrrvQ4PyMpFA==",
      "cpu": [
        "x64"
      ],
      "dev": true,
      "optional": true,
      "os": [
        "android"
      ],
      "engines": {
        "node": ">=12"
      }
    },
    "node_modules/@esbuild/darwin-arm64": {
      "version": "0.16.2",
      "resolved": "https://registry.npmjs.org/@esbuild/darwin-arm64/-/darwin-arm64-0.16.2.tgz",
      "integrity": "sha512-XmjlYmR1UTEdMT2X3TxnA0hG8zOi3q/BzqNN6/PDBxw/UxE9gdj7LGwiQus5HHZM03vSvjRO7WJ7qaJBGBWnpQ==",
      "cpu": [
        "arm64"
      ],
      "dev": true,
      "optional": true,
      "os": [
        "darwin"
      ],
      "engines": {
        "node": ">=12"
      }
    },
    "node_modules/@esbuild/darwin-x64": {
      "version": "0.16.2",
      "resolved": "https://registry.npmjs.org/@esbuild/darwin-x64/-/darwin-x64-0.16.2.tgz",
      "integrity": "sha512-nq5cXgzbXHhBqZEPpuXrf2+BV6QWUM8vAyT/ElJrdIkoGOHwNQJEqZHl3KOWK+1V3KXEXgJhh7DsLixIc677ZQ==",
      "cpu": [
        "x64"
      ],
      "dev": true,
      "optional": true,
      "os": [
        "darwin"
      ],
      "engines": {
        "node": ">=12"
      }
    },
    "node_modules/@esbuild/freebsd-arm64": {
      "version": "0.16.2",
      "resolved": "https://registry.npmjs.org/@esbuild/freebsd-arm64/-/freebsd-arm64-0.16.2.tgz",
      "integrity": "sha512-1QuZr7GnoipDYMFJDucqXmVvJZidZuHbvw5QLzBehYq67GR1Jub9pSo6O0Rt4LtKnu3TF2K/bjgzPJAGFY6W4Q==",
      "cpu": [
        "arm64"
      ],
      "dev": true,
      "optional": true,
      "os": [
        "freebsd"
      ],
      "engines": {
        "node": ">=12"
      }
    },
    "node_modules/@esbuild/freebsd-x64": {
      "version": "0.16.2",
      "resolved": "https://registry.npmjs.org/@esbuild/freebsd-x64/-/freebsd-x64-0.16.2.tgz",
      "integrity": "sha512-uvbv99Wg2T489bqUz4gYVb2IpSSZZP/uTkaZpaLN+h3x58FmsLT4o7bF1Refd2JIKuONxSobljlk5/K/RD9SsQ==",
      "cpu": [
        "x64"
      ],
      "dev": true,
      "optional": true,
      "os": [
        "freebsd"
      ],
      "engines": {
        "node": ">=12"
      }
    },
    "node_modules/@esbuild/linux-arm": {
      "version": "0.16.2",
      "resolved": "https://registry.npmjs.org/@esbuild/linux-arm/-/linux-arm-0.16.2.tgz",
      "integrity": "sha512-8n2UozHygOGXzgysim6GifKjv+lW4fs3mlfaoKerwBIOT9OBCo1Q4AjvbtU3F+2AGyo8eavxnj6Xxx0DRTOwiw==",
      "cpu": [
        "arm"
      ],
      "dev": true,
      "optional": true,
      "os": [
        "linux"
      ],
      "engines": {
        "node": ">=12"
      }
    },
    "node_modules/@esbuild/linux-arm64": {
      "version": "0.16.2",
      "resolved": "https://registry.npmjs.org/@esbuild/linux-arm64/-/linux-arm64-0.16.2.tgz",
      "integrity": "sha512-S7EwMhEUMzYfd9KTHJX7Y3bKz7/9sZDRJPp10EOQ3Qqp10WvX2G42Q2c7rfymnm9aM5ZWs+W8WgbLFAUnjC3Wg==",
      "cpu": [
        "arm64"
      ],
      "dev": true,
      "optional": true,
      "os": [
        "linux"
      ],
      "engines": {
        "node": ">=12"
      }
    },
    "node_modules/@esbuild/linux-ia32": {
      "version": "0.16.2",
      "resolved": "https://registry.npmjs.org/@esbuild/linux-ia32/-/linux-ia32-0.16.2.tgz",
      "integrity": "sha512-TRz3MDvv65zXZ4NTJYi1yyVj17Qrsm8y6J8r4qIdd2qszRLPHmte4LAazPa7g+To6QfM2kL3gHmVhwV6GcYz0g==",
      "cpu": [
        "ia32"
      ],
      "dev": true,
      "optional": true,
      "os": [
        "linux"
      ],
      "engines": {
        "node": ">=12"
      }
    },
    "node_modules/@esbuild/linux-loong64": {
      "version": "0.16.2",
      "resolved": "https://registry.npmjs.org/@esbuild/linux-loong64/-/linux-loong64-0.16.2.tgz",
      "integrity": "sha512-yhHJCvPQjh/8wLEk336QzXMHYnMKJdzLcNAnXwVawSvsLqyzTYrGshrO1YMhzs5cWgR75DFNnhcAFgEtleAZOw==",
      "cpu": [
        "loong64"
      ],
      "dev": true,
      "optional": true,
      "os": [
        "linux"
      ],
      "engines": {
        "node": ">=12"
      }
    },
    "node_modules/@esbuild/linux-mips64el": {
      "version": "0.16.2",
      "resolved": "https://registry.npmjs.org/@esbuild/linux-mips64el/-/linux-mips64el-0.16.2.tgz",
      "integrity": "sha512-YwMpV41qIKRHASV4MaaA/PKk9CoZ4QyVyPXhUtLTO9kPWtWECRI4MTBrGIb9kGUpL6I+jiT4fAZn8YpWSGBkQg==",
      "cpu": [
        "mips64el"
      ],
      "dev": true,
      "optional": true,
      "os": [
        "linux"
      ],
      "engines": {
        "node": ">=12"
      }
    },
    "node_modules/@esbuild/linux-ppc64": {
      "version": "0.16.2",
      "resolved": "https://registry.npmjs.org/@esbuild/linux-ppc64/-/linux-ppc64-0.16.2.tgz",
      "integrity": "sha512-s4YuINcRxCA9TElEf2iBdG6oZWdNu2Eb6R9TbRBcZOTdcgdBKIinaVyEiQ8H6nmCafWCuuJT8u66zds2ET3t1Q==",
      "cpu": [
        "ppc64"
      ],
      "dev": true,
      "optional": true,
      "os": [
        "linux"
      ],
      "engines": {
        "node": ">=12"
      }
    },
    "node_modules/@esbuild/linux-riscv64": {
      "version": "0.16.2",
      "resolved": "https://registry.npmjs.org/@esbuild/linux-riscv64/-/linux-riscv64-0.16.2.tgz",
      "integrity": "sha512-oacL6QGqVRhBCbBlFxODYfcCkB6tPmfanaWnsuHNI7m9LVkBuuDKpsC3XWOwkEQiLIJcvhhZKOkkgw49KxS1Dw==",
      "cpu": [
        "riscv64"
      ],
      "dev": true,
      "optional": true,
      "os": [
        "linux"
      ],
      "engines": {
        "node": ">=12"
      }
    },
    "node_modules/@esbuild/linux-s390x": {
      "version": "0.16.2",
      "resolved": "https://registry.npmjs.org/@esbuild/linux-s390x/-/linux-s390x-0.16.2.tgz",
      "integrity": "sha512-5ifr0lshZbLI457Qe6y3MsDYv1cSOJ8awgi0HT14cS59WliT7bDkrr3kmDw/LqGOAPyDvDD+U8s2cFBSENetuA==",
      "cpu": [
        "s390x"
      ],
      "dev": true,
      "optional": true,
      "os": [
        "linux"
      ],
      "engines": {
        "node": ">=12"
      }
    },
    "node_modules/@esbuild/linux-x64": {
      "version": "0.16.2",
      "resolved": "https://registry.npmjs.org/@esbuild/linux-x64/-/linux-x64-0.16.2.tgz",
      "integrity": "sha512-TA/ORYlP6h2pfB/dzrPTMFWd1MaUYy7kwblWdzwkUtsTAJAKJlZwBhkKftSaUNNU5wtXNJ9+ucMDf7vBPbDjlw==",
      "cpu": [
        "x64"
      ],
      "dev": true,
      "optional": true,
      "os": [
        "linux"
      ],
      "engines": {
        "node": ">=12"
      }
    },
    "node_modules/@esbuild/netbsd-x64": {
      "version": "0.16.2",
      "resolved": "https://registry.npmjs.org/@esbuild/netbsd-x64/-/netbsd-x64-0.16.2.tgz",
      "integrity": "sha512-oBH2Aj4fL9FLlkIi2wYGckydKHVKmYrqiqt91i6kFE1mF7B05YYttrlOHAf3JzWIJQWyvzvsmoA/XFPf1sTgBw==",
      "cpu": [
        "x64"
      ],
      "dev": true,
      "optional": true,
      "os": [
        "netbsd"
      ],
      "engines": {
        "node": ">=12"
      }
    },
    "node_modules/@esbuild/openbsd-x64": {
      "version": "0.16.2",
      "resolved": "https://registry.npmjs.org/@esbuild/openbsd-x64/-/openbsd-x64-0.16.2.tgz",
      "integrity": "sha512-eKOpYr7CiF9GZxu18iOQGfzQ4htO6KGhXriW2raJvRO0G27Lu7ArAI/kW71yTPaFqlf9gCmCGaTPr2tmiUePVg==",
      "cpu": [
        "x64"
      ],
      "dev": true,
      "optional": true,
      "os": [
        "openbsd"
      ],
      "engines": {
        "node": ">=12"
      }
    },
    "node_modules/@esbuild/sunos-x64": {
      "version": "0.16.2",
      "resolved": "https://registry.npmjs.org/@esbuild/sunos-x64/-/sunos-x64-0.16.2.tgz",
      "integrity": "sha512-1HsQLVnjhlscekE8H5Xj49xPvd0c74eoZEjh+OUnr+x7vCXdTVdFDgao9QM0H9zfioxJN1ZH7534LwxEaAWaIA==",
      "cpu": [
        "x64"
      ],
      "dev": true,
      "optional": true,
      "os": [
        "sunos"
      ],
      "engines": {
        "node": ">=12"
      }
    },
    "node_modules/@esbuild/win32-arm64": {
      "version": "0.16.2",
      "resolved": "https://registry.npmjs.org/@esbuild/win32-arm64/-/win32-arm64-0.16.2.tgz",
      "integrity": "sha512-G9AWjsnVxGQj8z0WgaDwTKgXzwc9zLPYDFoLE4oAGI/TQnft0eQjc+CKiWRyoa+a/c3XIFGXoWnW+17kbibSfA==",
      "cpu": [
        "arm64"
      ],
      "dev": true,
      "optional": true,
      "os": [
        "win32"
      ],
      "engines": {
        "node": ">=12"
      }
    },
    "node_modules/@esbuild/win32-ia32": {
      "version": "0.16.2",
      "resolved": "https://registry.npmjs.org/@esbuild/win32-ia32/-/win32-ia32-0.16.2.tgz",
      "integrity": "sha512-UJqmfPsiSX/wP1kY5JMordRqNU2r8n8ieXmNimp4r35sQEX3bjnSkPJ2E8BM8W8ecmEL+oDjYjulkTT3zSPa1g==",
      "cpu": [
        "ia32"
      ],
      "dev": true,
      "optional": true,
      "os": [
        "win32"
      ],
      "engines": {
        "node": ">=12"
      }
    },
    "node_modules/@esbuild/win32-x64": {
      "version": "0.16.2",
      "resolved": "https://registry.npmjs.org/@esbuild/win32-x64/-/win32-x64-0.16.2.tgz",
      "integrity": "sha512-1+PQiGAbbGlIXXlp9i/5JRpodCsozGTjffaD4W1LgeoynWef38VD8NNC8yG366NYXHHHLR1pN6MQZ9r2na/S1A==",
      "cpu": [
        "x64"
      ],
      "dev": true,
      "optional": true,
      "os": [
        "win32"
      ],
      "engines": {
        "node": ">=12"
      }
    },
    "node_modules/@fontsource/jetbrains-mono": {
      "version": "4.5.11",
      "resolved": "https://registry.npmjs.org/@fontsource/jetbrains-mono/-/jetbrains-mono-4.5.11.tgz",
      "integrity": "sha512-IW1qgWGkjlN1O6Jf+6LWF9DpcdXhyQEXhTlzfVKrWHX+ProuOT5FcrEAj34AR+19CgAb9Sheda2slORnybBsdw=="
    },
    "node_modules/@fontsource/public-sans": {
      "version": "4.5.11",
      "resolved": "https://registry.npmjs.org/@fontsource/public-sans/-/public-sans-4.5.11.tgz",
      "integrity": "sha512-waejL3VQnifnLVwQGcW2bULD2vUaevjE9OKmOSAmBACAebZnnYznHL+NL4NgW6B+b1wyltmIr6jBF5XMZVWgYA=="
    },
    "node_modules/@popperjs/core": {
      "version": "2.11.6",
      "resolved": "https://registry.npmjs.org/@popperjs/core/-/core-2.11.6.tgz",
      "integrity": "sha512-50/17A98tWUfQ176raKiOGXuYpLyyVMkxxG6oylzL3BPOlA6ADGdK7EYunSa4I064xerltq9TGXs8HmOk5E+vw==",
      "funding": {
        "type": "opencollective",
        "url": "https://opencollective.com/popperjs"
      }
    },
    "node_modules/autosize": {
      "version": "5.0.2",
      "resolved": "https://registry.npmjs.org/autosize/-/autosize-5.0.2.tgz",
      "integrity": "sha512-FPVt5ynkqUAA9gcMZnJHka1XfQgr1WNd/yRfIjmj5WGmjua+u5Hl9hn8M2nU5CNy2bEIcj1ZUwXq7IOHsfZG9w=="
    },
    "node_modules/bootstrap-icons": {
      "version": "1.10.2",
      "resolved": "https://registry.npmjs.org/bootstrap-icons/-/bootstrap-icons-1.10.2.tgz",
      "integrity": "sha512-PTPYadRn1AMGr+QTSxe4ZCc+Wzv9DGZxbi3lNse/dajqV31n2/wl/7NX78ZpkvFgRNmH4ogdIQPQmxAfhEV6nA=="
    },
    "node_modules/compute-scroll-into-view": {
      "version": "2.0.2",
      "resolved": "https://registry.npmjs.org/compute-scroll-into-view/-/compute-scroll-into-view-2.0.2.tgz",
      "integrity": "sha512-W+4Iti92hktsTtNPNeRM1vE0JdqCBk5qIabRafpr5pGrQhQ+xzCv0NGnFzTCKmW4yGLm9Aovbw8YNxloe2z9tQ=="
    },
    "node_modules/esbuild": {
      "version": "0.16.2",
      "resolved": "https://registry.npmjs.org/esbuild/-/esbuild-0.16.2.tgz",
      "integrity": "sha512-Rv/CJquZKE00irDLDpk9jmWmtxx1NW+MGpBbNNouaDY0oBwk806uJ51WpLaJBQUxhZqLauX2rrNol5lVQceHJw==",
      "dev": true,
      "hasInstallScript": true,
      "bin": {
        "esbuild": "bin/esbuild"
      },
      "engines": {
        "node": ">=12"
      },
      "optionalDependencies": {
        "@esbuild/android-arm": "0.16.2",
        "@esbuild/android-arm64": "0.16.2",
        "@esbuild/android-x64": "0.16.2",
        "@esbuild/darwin-arm64": "0.16.2",
        "@esbuild/darwin-x64": "0.16.2",
        "@esbuild/freebsd-arm64": "0.16.2",
        "@esbuild/freebsd-x64": "0.16.2",
        "@esbuild/linux-arm": "0.16.2",
        "@esbuild/linux-arm64": "0.16.2",
        "@esbuild/linux-ia32": "0.16.2",
        "@esbuild/linux-loong64": "0.16.2",
        "@esbuild/linux-mips64el": "0.16.2",
        "@esbuild/linux-ppc64": "0.16.2",
        "@esbuild/linux-riscv64": "0.16.2",
        "@esbuild/linux-s390x": "0.16.2",
        "@esbuild/linux-x64": "0.16.2",
        "@esbuild/netbsd-x64": "0.16.2",
        "@esbuild/openbsd-x64": "0.16.2",
        "@esbuild/sunos-x64": "0.16.2",
        "@esbuild/win32-arm64": "0.16.2",
        "@esbuild/win32-ia32": "0.16.2",
        "@esbuild/win32-x64": "0.16.2"
      }
    },
    "node_modules/fake-avatars": {
      "version": "1.0.2",
      "resolved": "https://registry.npmjs.org/fake-avatars/-/fake-avatars-1.0.2.tgz",
      "integrity": "sha512-lmZHZL38s+MTldaRQhJCIHwNkh8dPfc9ScRk6/LBPa2usSsgEuEkECcmWkgiQEMvUiJTlOgNl4c3AvJaV7o7ow==",
      "funding": [
        "https://patreon.com/leafac",
        "https://paypal.me/LeandroFacchinettiEU",
        "https://github.com/sponsors/leafac",
        "https://btc.com/34KJBgtaFYMtDqpSgMayw9qiKWg2GQXA9M"
      ]
    },
    "node_modules/fast-myers-diff": {
      "version": "3.0.1",
      "resolved": "https://registry.npmjs.org/fast-myers-diff/-/fast-myers-diff-3.0.1.tgz",
      "integrity": "sha512-e8p26utONwDXeSDkDqu4jaR3l3r6ZgQO2GWB178ePZxCfFoRPNTJVZylUEHHG6uZeRikL1zCc2sl4sIAs9c0UQ=="
    },
    "node_modules/mousetrap": {
      "version": "1.6.5",
      "resolved": "https://registry.npmjs.org/mousetrap/-/mousetrap-1.6.5.tgz",
      "integrity": "sha512-QNo4kEepaIBwiT8CDhP98umTetp+JNfQYBWvC1pc6/OAibuXtRcxZ58Qz8skvEHYvURne/7R8T5VoOI7rDsEUA=="
    },
    "node_modules/scroll-into-view-if-needed": {
      "version": "3.0.3",
      "resolved": "https://registry.npmjs.org/scroll-into-view-if-needed/-/scroll-into-view-if-needed-3.0.3.tgz",
      "integrity": "sha512-QoCH0lVw0tbA7Rl6sToH7e1tO3n95Oi6JgBgC8hEpNNZUC91MfasJ/4E1ZdbzGueNDZ+Y7ObfRaelKUgTyPbJA==",
      "dependencies": {
        "compute-scroll-into-view": "^2.0.2"
      }
    },
    "node_modules/text-field-edit": {
      "version": "3.2.0",
      "resolved": "https://registry.npmjs.org/text-field-edit/-/text-field-edit-3.2.0.tgz",
      "integrity": "sha512-HVgVoOMAIgsXFsGuzkghk0NQPO8DrfNeHtRSbKEUQAkLOeY+Mb2ofK/AGZByxObPNo3vqODyghl+9VXUjHypig==",
      "funding": {
        "url": "https://github.com/sponsors/fregante"
      }
    },
    "node_modules/textarea-caret": {
      "version": "3.1.0",
      "resolved": "https://registry.npmjs.org/textarea-caret/-/textarea-caret-3.1.0.tgz",
      "integrity": "sha512-cXAvzO9pP5CGa6NKx0WYHl+8CHKZs8byMkt3PCJBCmq2a34YA9pO1NrQET5pzeqnBjBdToF5No4rrmkDUgQC2Q=="
    },
    "node_modules/tippy.js": {
      "version": "6.3.7",
      "resolved": "https://registry.npmjs.org/tippy.js/-/tippy.js-6.3.7.tgz",
      "integrity": "sha512-E1d3oP2emgJ9dRQZdf3Kkn0qJgI6ZLpyS5z6ZkY1DF3kaQaBsGZsndEpHwx+eC+tYM41HaSNvNtLx8tU57FzTQ==",
      "dependencies": {
        "@popperjs/core": "^2.9.0"
      }
    }
  },
  "dependencies": {
    "@esbuild/android-arm": {
      "version": "0.16.2",
      "resolved": "https://registry.npmjs.org/@esbuild/android-arm/-/android-arm-0.16.2.tgz",
      "integrity": "sha512-t8zq/Ad8njye3tYkbdBYAEGBExCyqFuPnKmKgLBF9+nIwAS/V3FYck6BjAx813JCGXkNsR1iriS8jQFwydT+FA==",
      "dev": true,
      "optional": true
    },
    "@esbuild/android-arm64": {
      "version": "0.16.2",
      "resolved": "https://registry.npmjs.org/@esbuild/android-arm64/-/android-arm64-0.16.2.tgz",
      "integrity": "sha512-3CjbygjFHmtxDW59FOUM1T28G+aVqzbM+cNNinMgRUq+bmAstJdqmJL/KqpUwuCRTri4BgHJRWQbHOQFLwIpxw==",
      "dev": true,
      "optional": true
    },
    "@esbuild/android-x64": {
      "version": "0.16.2",
      "resolved": "https://registry.npmjs.org/@esbuild/android-x64/-/android-x64-0.16.2.tgz",
      "integrity": "sha512-J5pzzVs9gHRQff8vUBhGMRQU1avwD9IVTSfzhdnKRqlxq0hsdcgZxH95Ckj/q2KJ4nMPYfDBSRXrrvQ4PyMpFA==",
      "dev": true,
      "optional": true
    },
    "@esbuild/darwin-arm64": {
      "version": "0.16.2",
      "resolved": "https://registry.npmjs.org/@esbuild/darwin-arm64/-/darwin-arm64-0.16.2.tgz",
      "integrity": "sha512-XmjlYmR1UTEdMT2X3TxnA0hG8zOi3q/BzqNN6/PDBxw/UxE9gdj7LGwiQus5HHZM03vSvjRO7WJ7qaJBGBWnpQ==",
      "dev": true,
      "optional": true
    },
    "@esbuild/darwin-x64": {
      "version": "0.16.2",
      "resolved": "https://registry.npmjs.org/@esbuild/darwin-x64/-/darwin-x64-0.16.2.tgz",
      "integrity": "sha512-nq5cXgzbXHhBqZEPpuXrf2+BV6QWUM8vAyT/ElJrdIkoGOHwNQJEqZHl3KOWK+1V3KXEXgJhh7DsLixIc677ZQ==",
      "dev": true,
      "optional": true
    },
    "@esbuild/freebsd-arm64": {
      "version": "0.16.2",
      "resolved": "https://registry.npmjs.org/@esbuild/freebsd-arm64/-/freebsd-arm64-0.16.2.tgz",
      "integrity": "sha512-1QuZr7GnoipDYMFJDucqXmVvJZidZuHbvw5QLzBehYq67GR1Jub9pSo6O0Rt4LtKnu3TF2K/bjgzPJAGFY6W4Q==",
      "dev": true,
      "optional": true
    },
    "@esbuild/freebsd-x64": {
      "version": "0.16.2",
      "resolved": "https://registry.npmjs.org/@esbuild/freebsd-x64/-/freebsd-x64-0.16.2.tgz",
      "integrity": "sha512-uvbv99Wg2T489bqUz4gYVb2IpSSZZP/uTkaZpaLN+h3x58FmsLT4o7bF1Refd2JIKuONxSobljlk5/K/RD9SsQ==",
      "dev": true,
      "optional": true
    },
    "@esbuild/linux-arm": {
      "version": "0.16.2",
      "resolved": "https://registry.npmjs.org/@esbuild/linux-arm/-/linux-arm-0.16.2.tgz",
      "integrity": "sha512-8n2UozHygOGXzgysim6GifKjv+lW4fs3mlfaoKerwBIOT9OBCo1Q4AjvbtU3F+2AGyo8eavxnj6Xxx0DRTOwiw==",
      "dev": true,
      "optional": true
    },
    "@esbuild/linux-arm64": {
      "version": "0.16.2",
      "resolved": "https://registry.npmjs.org/@esbuild/linux-arm64/-/linux-arm64-0.16.2.tgz",
      "integrity": "sha512-S7EwMhEUMzYfd9KTHJX7Y3bKz7/9sZDRJPp10EOQ3Qqp10WvX2G42Q2c7rfymnm9aM5ZWs+W8WgbLFAUnjC3Wg==",
      "dev": true,
      "optional": true
    },
    "@esbuild/linux-ia32": {
      "version": "0.16.2",
      "resolved": "https://registry.npmjs.org/@esbuild/linux-ia32/-/linux-ia32-0.16.2.tgz",
      "integrity": "sha512-TRz3MDvv65zXZ4NTJYi1yyVj17Qrsm8y6J8r4qIdd2qszRLPHmte4LAazPa7g+To6QfM2kL3gHmVhwV6GcYz0g==",
      "dev": true,
      "optional": true
    },
    "@esbuild/linux-loong64": {
      "version": "0.16.2",
      "resolved": "https://registry.npmjs.org/@esbuild/linux-loong64/-/linux-loong64-0.16.2.tgz",
      "integrity": "sha512-yhHJCvPQjh/8wLEk336QzXMHYnMKJdzLcNAnXwVawSvsLqyzTYrGshrO1YMhzs5cWgR75DFNnhcAFgEtleAZOw==",
      "dev": true,
      "optional": true
    },
    "@esbuild/linux-mips64el": {
      "version": "0.16.2",
      "resolved": "https://registry.npmjs.org/@esbuild/linux-mips64el/-/linux-mips64el-0.16.2.tgz",
      "integrity": "sha512-YwMpV41qIKRHASV4MaaA/PKk9CoZ4QyVyPXhUtLTO9kPWtWECRI4MTBrGIb9kGUpL6I+jiT4fAZn8YpWSGBkQg==",
      "dev": true,
      "optional": true
    },
    "@esbuild/linux-ppc64": {
      "version": "0.16.2",
      "resolved": "https://registry.npmjs.org/@esbuild/linux-ppc64/-/linux-ppc64-0.16.2.tgz",
      "integrity": "sha512-s4YuINcRxCA9TElEf2iBdG6oZWdNu2Eb6R9TbRBcZOTdcgdBKIinaVyEiQ8H6nmCafWCuuJT8u66zds2ET3t1Q==",
      "dev": true,
      "optional": true
    },
    "@esbuild/linux-riscv64": {
      "version": "0.16.2",
      "resolved": "https://registry.npmjs.org/@esbuild/linux-riscv64/-/linux-riscv64-0.16.2.tgz",
      "integrity": "sha512-oacL6QGqVRhBCbBlFxODYfcCkB6tPmfanaWnsuHNI7m9LVkBuuDKpsC3XWOwkEQiLIJcvhhZKOkkgw49KxS1Dw==",
      "dev": true,
      "optional": true
    },
    "@esbuild/linux-s390x": {
      "version": "0.16.2",
      "resolved": "https://registry.npmjs.org/@esbuild/linux-s390x/-/linux-s390x-0.16.2.tgz",
      "integrity": "sha512-5ifr0lshZbLI457Qe6y3MsDYv1cSOJ8awgi0HT14cS59WliT7bDkrr3kmDw/LqGOAPyDvDD+U8s2cFBSENetuA==",
      "dev": true,
      "optional": true
    },
    "@esbuild/linux-x64": {
      "version": "0.16.2",
      "resolved": "https://registry.npmjs.org/@esbuild/linux-x64/-/linux-x64-0.16.2.tgz",
      "integrity": "sha512-TA/ORYlP6h2pfB/dzrPTMFWd1MaUYy7kwblWdzwkUtsTAJAKJlZwBhkKftSaUNNU5wtXNJ9+ucMDf7vBPbDjlw==",
      "dev": true,
      "optional": true
    },
    "@esbuild/netbsd-x64": {
      "version": "0.16.2",
      "resolved": "https://registry.npmjs.org/@esbuild/netbsd-x64/-/netbsd-x64-0.16.2.tgz",
      "integrity": "sha512-oBH2Aj4fL9FLlkIi2wYGckydKHVKmYrqiqt91i6kFE1mF7B05YYttrlOHAf3JzWIJQWyvzvsmoA/XFPf1sTgBw==",
      "dev": true,
      "optional": true
    },
    "@esbuild/openbsd-x64": {
      "version": "0.16.2",
      "resolved": "https://registry.npmjs.org/@esbuild/openbsd-x64/-/openbsd-x64-0.16.2.tgz",
      "integrity": "sha512-eKOpYr7CiF9GZxu18iOQGfzQ4htO6KGhXriW2raJvRO0G27Lu7ArAI/kW71yTPaFqlf9gCmCGaTPr2tmiUePVg==",
      "dev": true,
      "optional": true
    },
    "@esbuild/sunos-x64": {
      "version": "0.16.2",
      "resolved": "https://registry.npmjs.org/@esbuild/sunos-x64/-/sunos-x64-0.16.2.tgz",
      "integrity": "sha512-1HsQLVnjhlscekE8H5Xj49xPvd0c74eoZEjh+OUnr+x7vCXdTVdFDgao9QM0H9zfioxJN1ZH7534LwxEaAWaIA==",
      "dev": true,
      "optional": true
    },
    "@esbuild/win32-arm64": {
      "version": "0.16.2",
      "resolved": "https://registry.npmjs.org/@esbuild/win32-arm64/-/win32-arm64-0.16.2.tgz",
      "integrity": "sha512-G9AWjsnVxGQj8z0WgaDwTKgXzwc9zLPYDFoLE4oAGI/TQnft0eQjc+CKiWRyoa+a/c3XIFGXoWnW+17kbibSfA==",
      "dev": true,
      "optional": true
    },
    "@esbuild/win32-ia32": {
      "version": "0.16.2",
      "resolved": "https://registry.npmjs.org/@esbuild/win32-ia32/-/win32-ia32-0.16.2.tgz",
      "integrity": "sha512-UJqmfPsiSX/wP1kY5JMordRqNU2r8n8ieXmNimp4r35sQEX3bjnSkPJ2E8BM8W8ecmEL+oDjYjulkTT3zSPa1g==",
      "dev": true,
      "optional": true
    },
    "@esbuild/win32-x64": {
      "version": "0.16.2",
      "resolved": "https://registry.npmjs.org/@esbuild/win32-x64/-/win32-x64-0.16.2.tgz",
      "integrity": "sha512-1+PQiGAbbGlIXXlp9i/5JRpodCsozGTjffaD4W1LgeoynWef38VD8NNC8yG366NYXHHHLR1pN6MQZ9r2na/S1A==",
      "dev": true,
      "optional": true
    },
    "@fontsource/jetbrains-mono": {
      "version": "4.5.11",
      "resolved": "https://registry.npmjs.org/@fontsource/jetbrains-mono/-/jetbrains-mono-4.5.11.tgz",
      "integrity": "sha512-IW1qgWGkjlN1O6Jf+6LWF9DpcdXhyQEXhTlzfVKrWHX+ProuOT5FcrEAj34AR+19CgAb9Sheda2slORnybBsdw=="
    },
    "@fontsource/public-sans": {
      "version": "4.5.11",
      "resolved": "https://registry.npmjs.org/@fontsource/public-sans/-/public-sans-4.5.11.tgz",
      "integrity": "sha512-waejL3VQnifnLVwQGcW2bULD2vUaevjE9OKmOSAmBACAebZnnYznHL+NL4NgW6B+b1wyltmIr6jBF5XMZVWgYA=="
    },
    "@popperjs/core": {
      "version": "2.11.6",
      "resolved": "https://registry.npmjs.org/@popperjs/core/-/core-2.11.6.tgz",
      "integrity": "sha512-50/17A98tWUfQ176raKiOGXuYpLyyVMkxxG6oylzL3BPOlA6ADGdK7EYunSa4I064xerltq9TGXs8HmOk5E+vw=="
    },
    "autosize": {
      "version": "5.0.2",
      "resolved": "https://registry.npmjs.org/autosize/-/autosize-5.0.2.tgz",
      "integrity": "sha512-FPVt5ynkqUAA9gcMZnJHka1XfQgr1WNd/yRfIjmj5WGmjua+u5Hl9hn8M2nU5CNy2bEIcj1ZUwXq7IOHsfZG9w=="
    },
    "bootstrap-icons": {
      "version": "1.10.2",
      "resolved": "https://registry.npmjs.org/bootstrap-icons/-/bootstrap-icons-1.10.2.tgz",
      "integrity": "sha512-PTPYadRn1AMGr+QTSxe4ZCc+Wzv9DGZxbi3lNse/dajqV31n2/wl/7NX78ZpkvFgRNmH4ogdIQPQmxAfhEV6nA=="
    },
    "compute-scroll-into-view": {
      "version": "2.0.2",
      "resolved": "https://registry.npmjs.org/compute-scroll-into-view/-/compute-scroll-into-view-2.0.2.tgz",
      "integrity": "sha512-W+4Iti92hktsTtNPNeRM1vE0JdqCBk5qIabRafpr5pGrQhQ+xzCv0NGnFzTCKmW4yGLm9Aovbw8YNxloe2z9tQ=="
    },
    "esbuild": {
      "version": "0.16.2",
      "resolved": "https://registry.npmjs.org/esbuild/-/esbuild-0.16.2.tgz",
      "integrity": "sha512-Rv/CJquZKE00irDLDpk9jmWmtxx1NW+MGpBbNNouaDY0oBwk806uJ51WpLaJBQUxhZqLauX2rrNol5lVQceHJw==",
      "dev": true,
      "requires": {
        "@esbuild/android-arm": "0.16.2",
        "@esbuild/android-arm64": "0.16.2",
        "@esbuild/android-x64": "0.16.2",
        "@esbuild/darwin-arm64": "0.16.2",
        "@esbuild/darwin-x64": "0.16.2",
        "@esbuild/freebsd-arm64": "0.16.2",
        "@esbuild/freebsd-x64": "0.16.2",
        "@esbuild/linux-arm": "0.16.2",
        "@esbuild/linux-arm64": "0.16.2",
        "@esbuild/linux-ia32": "0.16.2",
        "@esbuild/linux-loong64": "0.16.2",
        "@esbuild/linux-mips64el": "0.16.2",
        "@esbuild/linux-ppc64": "0.16.2",
        "@esbuild/linux-riscv64": "0.16.2",
        "@esbuild/linux-s390x": "0.16.2",
        "@esbuild/linux-x64": "0.16.2",
        "@esbuild/netbsd-x64": "0.16.2",
        "@esbuild/openbsd-x64": "0.16.2",
        "@esbuild/sunos-x64": "0.16.2",
        "@esbuild/win32-arm64": "0.16.2",
        "@esbuild/win32-ia32": "0.16.2",
        "@esbuild/win32-x64": "0.16.2"
      }
    },
    "fake-avatars": {
      "version": "1.0.2",
      "resolved": "https://registry.npmjs.org/fake-avatars/-/fake-avatars-1.0.2.tgz",
      "integrity": "sha512-lmZHZL38s+MTldaRQhJCIHwNkh8dPfc9ScRk6/LBPa2usSsgEuEkECcmWkgiQEMvUiJTlOgNl4c3AvJaV7o7ow=="
    },
    "fast-myers-diff": {
      "version": "3.0.1",
      "resolved": "https://registry.npmjs.org/fast-myers-diff/-/fast-myers-diff-3.0.1.tgz",
      "integrity": "sha512-e8p26utONwDXeSDkDqu4jaR3l3r6ZgQO2GWB178ePZxCfFoRPNTJVZylUEHHG6uZeRikL1zCc2sl4sIAs9c0UQ=="
    },
    "mousetrap": {
      "version": "1.6.5",
      "resolved": "https://registry.npmjs.org/mousetrap/-/mousetrap-1.6.5.tgz",
      "integrity": "sha512-QNo4kEepaIBwiT8CDhP98umTetp+JNfQYBWvC1pc6/OAibuXtRcxZ58Qz8skvEHYvURne/7R8T5VoOI7rDsEUA=="
    },
    "scroll-into-view-if-needed": {
      "version": "3.0.3",
      "resolved": "https://registry.npmjs.org/scroll-into-view-if-needed/-/scroll-into-view-if-needed-3.0.3.tgz",
      "integrity": "sha512-QoCH0lVw0tbA7Rl6sToH7e1tO3n95Oi6JgBgC8hEpNNZUC91MfasJ/4E1ZdbzGueNDZ+Y7ObfRaelKUgTyPbJA==",
      "requires": {
        "compute-scroll-into-view": "^2.0.2"
      }
    },
    "text-field-edit": {
      "version": "3.2.0",
      "resolved": "https://registry.npmjs.org/text-field-edit/-/text-field-edit-3.2.0.tgz",
      "integrity": "sha512-HVgVoOMAIgsXFsGuzkghk0NQPO8DrfNeHtRSbKEUQAkLOeY+Mb2ofK/AGZByxObPNo3vqODyghl+9VXUjHypig=="
    },
    "textarea-caret": {
      "version": "3.1.0",
      "resolved": "https://registry.npmjs.org/textarea-caret/-/textarea-caret-3.1.0.tgz",
      "integrity": "sha512-cXAvzO9pP5CGa6NKx0WYHl+8CHKZs8byMkt3PCJBCmq2a34YA9pO1NrQET5pzeqnBjBdToF5No4rrmkDUgQC2Q=="
    },
    "tippy.js": {
      "version": "6.3.7",
      "resolved": "https://registry.npmjs.org/tippy.js/-/tippy.js-6.3.7.tgz",
      "integrity": "sha512-E1d3oP2emgJ9dRQZdf3Kkn0qJgI6ZLpyS5z6ZkY1DF3kaQaBsGZsndEpHwx+eC+tYM41HaSNvNtLx8tU57FzTQ==",
      "requires": {
        "@popperjs/core": "^2.9.0"
      }
    }
  }
}
