{
  "name": "static",
  "lockfileVersion": 2,
  "requires": true,
  "packages": {
    "": {
      "dependencies": {
        "@fontsource/jetbrains-mono": "^4.5.11",
        "@fontsource/public-sans": "^4.5.11",
        "autosize": "^5.0.2",
        "bootstrap-icons": "^1.10.3",
        "fake-avatars": "^1.0.2",
        "fast-myers-diff": "^3.0.1",
        "mousetrap": "^1.6.5",
        "scroll-into-view-if-needed": "^3.0.3",
        "text-field-edit": "^3.2.0",
        "textarea-caret": "^3.1.0",
        "tippy.js": "^6.3.7"
      }
    },
    "node_modules/@fontsource/jetbrains-mono": {
      "version": "4.5.11",
      "resolved": "https://registry.npmjs.org/@fontsource/jetbrains-mono/-/jetbrains-mono-4.5.11.tgz",
      "integrity": "sha512-IW1qgWGkjlN1O6Jf+6LWF9DpcdXhyQEXhTlzfVKrWHX+ProuOT5FcrEAj34AR+19CgAb9Sheda2slORnybBsdw=="
    },
    "node_modules/@fontsource/public-sans": {
      "version": "4.5.11",
      "resolved": "https://registry.npmjs.org/@fontsource/public-sans/-/public-sans-4.5.11.tgz",
      "integrity": "sha512-waejL3VQnifnLVwQGcW2bULD2vUaevjE9OKmOSAmBACAebZnnYznHL+NL4NgW6B+b1wyltmIr6jBF5XMZVWgYA=="
    },
    "node_modules/@popperjs/core": {
      "version": "2.11.6",
      "resolved": "https://registry.npmjs.org/@popperjs/core/-/core-2.11.6.tgz",
      "integrity": "sha512-50/17A98tWUfQ176raKiOGXuYpLyyVMkxxG6oylzL3BPOlA6ADGdK7EYunSa4I064xerltq9TGXs8HmOk5E+vw==",
      "funding": {
        "type": "opencollective",
        "url": "https://opencollective.com/popperjs"
      }
    },
    "node_modules/autosize": {
      "version": "5.0.2",
      "resolved": "https://registry.npmjs.org/autosize/-/autosize-5.0.2.tgz",
      "integrity": "sha512-FPVt5ynkqUAA9gcMZnJHka1XfQgr1WNd/yRfIjmj5WGmjua+u5Hl9hn8M2nU5CNy2bEIcj1ZUwXq7IOHsfZG9w=="
    },
    "node_modules/bootstrap-icons": {
      "version": "1.10.3",
      "resolved": "https://registry.npmjs.org/bootstrap-icons/-/bootstrap-icons-1.10.3.tgz",
      "integrity": "sha512-7Qvj0j0idEm/DdX9Q0CpxAnJYqBCFCiUI6qzSPYfERMcokVuV9Mdm/AJiVZI8+Gawe4h/l6zFcOzvV7oXCZArw=="
    },
    "node_modules/compute-scroll-into-view": {
      "version": "2.0.2",
      "resolved": "https://registry.npmjs.org/compute-scroll-into-view/-/compute-scroll-into-view-2.0.2.tgz",
      "integrity": "sha512-W+4Iti92hktsTtNPNeRM1vE0JdqCBk5qIabRafpr5pGrQhQ+xzCv0NGnFzTCKmW4yGLm9Aovbw8YNxloe2z9tQ=="
    },
    "node_modules/fake-avatars": {
      "version": "1.0.2",
      "resolved": "https://registry.npmjs.org/fake-avatars/-/fake-avatars-1.0.2.tgz",
      "integrity": "sha512-lmZHZL38s+MTldaRQhJCIHwNkh8dPfc9ScRk6/LBPa2usSsgEuEkECcmWkgiQEMvUiJTlOgNl4c3AvJaV7o7ow==",
      "funding": [
        "https://patreon.com/leafac",
        "https://paypal.me/LeandroFacchinettiEU",
        "https://github.com/sponsors/leafac",
        "https://btc.com/34KJBgtaFYMtDqpSgMayw9qiKWg2GQXA9M"
      ]
    },
    "node_modules/fast-myers-diff": {
      "version": "3.0.1",
      "resolved": "https://registry.npmjs.org/fast-myers-diff/-/fast-myers-diff-3.0.1.tgz",
      "integrity": "sha512-e8p26utONwDXeSDkDqu4jaR3l3r6ZgQO2GWB178ePZxCfFoRPNTJVZylUEHHG6uZeRikL1zCc2sl4sIAs9c0UQ=="
    },
    "node_modules/mousetrap": {
      "version": "1.6.5",
      "resolved": "https://registry.npmjs.org/mousetrap/-/mousetrap-1.6.5.tgz",
      "integrity": "sha512-QNo4kEepaIBwiT8CDhP98umTetp+JNfQYBWvC1pc6/OAibuXtRcxZ58Qz8skvEHYvURne/7R8T5VoOI7rDsEUA=="
    },
    "node_modules/scroll-into-view-if-needed": {
      "version": "3.0.3",
      "resolved": "https://registry.npmjs.org/scroll-into-view-if-needed/-/scroll-into-view-if-needed-3.0.3.tgz",
      "integrity": "sha512-QoCH0lVw0tbA7Rl6sToH7e1tO3n95Oi6JgBgC8hEpNNZUC91MfasJ/4E1ZdbzGueNDZ+Y7ObfRaelKUgTyPbJA==",
      "dependencies": {
        "compute-scroll-into-view": "^2.0.2"
      }
    },
    "node_modules/text-field-edit": {
      "version": "3.2.0",
      "resolved": "https://registry.npmjs.org/text-field-edit/-/text-field-edit-3.2.0.tgz",
      "integrity": "sha512-HVgVoOMAIgsXFsGuzkghk0NQPO8DrfNeHtRSbKEUQAkLOeY+Mb2ofK/AGZByxObPNo3vqODyghl+9VXUjHypig==",
      "funding": {
        "url": "https://github.com/sponsors/fregante"
      }
    },
    "node_modules/textarea-caret": {
      "version": "3.1.0",
      "resolved": "https://registry.npmjs.org/textarea-caret/-/textarea-caret-3.1.0.tgz",
      "integrity": "sha512-cXAvzO9pP5CGa6NKx0WYHl+8CHKZs8byMkt3PCJBCmq2a34YA9pO1NrQET5pzeqnBjBdToF5No4rrmkDUgQC2Q=="
    },
    "node_modules/tippy.js": {
      "version": "6.3.7",
      "resolved": "https://registry.npmjs.org/tippy.js/-/tippy.js-6.3.7.tgz",
      "integrity": "sha512-E1d3oP2emgJ9dRQZdf3Kkn0qJgI6ZLpyS5z6ZkY1DF3kaQaBsGZsndEpHwx+eC+tYM41HaSNvNtLx8tU57FzTQ==",
      "dependencies": {
        "@popperjs/core": "^2.9.0"
      }
    }
  },
  "dependencies": {
    "@fontsource/jetbrains-mono": {
      "version": "4.5.11",
      "resolved": "https://registry.npmjs.org/@fontsource/jetbrains-mono/-/jetbrains-mono-4.5.11.tgz",
      "integrity": "sha512-IW1qgWGkjlN1O6Jf+6LWF9DpcdXhyQEXhTlzfVKrWHX+ProuOT5FcrEAj34AR+19CgAb9Sheda2slORnybBsdw=="
    },
    "@fontsource/public-sans": {
      "version": "4.5.11",
      "resolved": "https://registry.npmjs.org/@fontsource/public-sans/-/public-sans-4.5.11.tgz",
      "integrity": "sha512-waejL3VQnifnLVwQGcW2bULD2vUaevjE9OKmOSAmBACAebZnnYznHL+NL4NgW6B+b1wyltmIr6jBF5XMZVWgYA=="
    },
    "@popperjs/core": {
      "version": "2.11.6",
      "resolved": "https://registry.npmjs.org/@popperjs/core/-/core-2.11.6.tgz",
      "integrity": "sha512-50/17A98tWUfQ176raKiOGXuYpLyyVMkxxG6oylzL3BPOlA6ADGdK7EYunSa4I064xerltq9TGXs8HmOk5E+vw=="
    },
    "autosize": {
      "version": "5.0.2",
      "resolved": "https://registry.npmjs.org/autosize/-/autosize-5.0.2.tgz",
      "integrity": "sha512-FPVt5ynkqUAA9gcMZnJHka1XfQgr1WNd/yRfIjmj5WGmjua+u5Hl9hn8M2nU5CNy2bEIcj1ZUwXq7IOHsfZG9w=="
    },
    "bootstrap-icons": {
      "version": "1.10.3",
      "resolved": "https://registry.npmjs.org/bootstrap-icons/-/bootstrap-icons-1.10.3.tgz",
      "integrity": "sha512-7Qvj0j0idEm/DdX9Q0CpxAnJYqBCFCiUI6qzSPYfERMcokVuV9Mdm/AJiVZI8+Gawe4h/l6zFcOzvV7oXCZArw=="
    },
    "compute-scroll-into-view": {
      "version": "2.0.2",
      "resolved": "https://registry.npmjs.org/compute-scroll-into-view/-/compute-scroll-into-view-2.0.2.tgz",
      "integrity": "sha512-W+4Iti92hktsTtNPNeRM1vE0JdqCBk5qIabRafpr5pGrQhQ+xzCv0NGnFzTCKmW4yGLm9Aovbw8YNxloe2z9tQ=="
    },
    "fake-avatars": {
      "version": "1.0.2",
      "resolved": "https://registry.npmjs.org/fake-avatars/-/fake-avatars-1.0.2.tgz",
      "integrity": "sha512-lmZHZL38s+MTldaRQhJCIHwNkh8dPfc9ScRk6/LBPa2usSsgEuEkECcmWkgiQEMvUiJTlOgNl4c3AvJaV7o7ow=="
    },
    "fast-myers-diff": {
      "version": "3.0.1",
      "resolved": "https://registry.npmjs.org/fast-myers-diff/-/fast-myers-diff-3.0.1.tgz",
      "integrity": "sha512-e8p26utONwDXeSDkDqu4jaR3l3r6ZgQO2GWB178ePZxCfFoRPNTJVZylUEHHG6uZeRikL1zCc2sl4sIAs9c0UQ=="
    },
    "mousetrap": {
      "version": "1.6.5",
      "resolved": "https://registry.npmjs.org/mousetrap/-/mousetrap-1.6.5.tgz",
      "integrity": "sha512-QNo4kEepaIBwiT8CDhP98umTetp+JNfQYBWvC1pc6/OAibuXtRcxZ58Qz8skvEHYvURne/7R8T5VoOI7rDsEUA=="
    },
    "scroll-into-view-if-needed": {
      "version": "3.0.3",
      "resolved": "https://registry.npmjs.org/scroll-into-view-if-needed/-/scroll-into-view-if-needed-3.0.3.tgz",
      "integrity": "sha512-QoCH0lVw0tbA7Rl6sToH7e1tO3n95Oi6JgBgC8hEpNNZUC91MfasJ/4E1ZdbzGueNDZ+Y7ObfRaelKUgTyPbJA==",
      "requires": {
        "compute-scroll-into-view": "^2.0.2"
      }
    },
    "text-field-edit": {
      "version": "3.2.0",
      "resolved": "https://registry.npmjs.org/text-field-edit/-/text-field-edit-3.2.0.tgz",
      "integrity": "sha512-HVgVoOMAIgsXFsGuzkghk0NQPO8DrfNeHtRSbKEUQAkLOeY+Mb2ofK/AGZByxObPNo3vqODyghl+9VXUjHypig=="
    },
    "textarea-caret": {
      "version": "3.1.0",
      "resolved": "https://registry.npmjs.org/textarea-caret/-/textarea-caret-3.1.0.tgz",
      "integrity": "sha512-cXAvzO9pP5CGa6NKx0WYHl+8CHKZs8byMkt3PCJBCmq2a34YA9pO1NrQET5pzeqnBjBdToF5No4rrmkDUgQC2Q=="
    },
    "tippy.js": {
      "version": "6.3.7",
      "resolved": "https://registry.npmjs.org/tippy.js/-/tippy.js-6.3.7.tgz",
      "integrity": "sha512-E1d3oP2emgJ9dRQZdf3Kkn0qJgI6ZLpyS5z6ZkY1DF3kaQaBsGZsndEpHwx+eC+tYM41HaSNvNtLx8tU57FzTQ==",
      "requires": {
        "@popperjs/core": "^2.9.0"
      }
    }
  }
}
