{
  "name": "static",
  "lockfileVersion": 2,
  "requires": true,
  "packages": {
    "": {
      "hasInstallScript": true,
      "dependencies": {
        "@fontsource/jetbrains-mono": "^4.5.11",
        "@fontsource/public-sans": "^4.5.11",
        "@leafac/css": "^0.6.2",
        "@leafac/javascript": "^0.2.12",
        "autosize": "^5.0.1",
        "bootstrap-icons": "^1.9.1",
        "fake-avatars": "^1.0.0",
        "fast-myers-diff": "^3.0.1",
        "katex": "^0.16.2",
        "mousetrap": "^1.6.5",
        "scroll-into-view-if-needed": "^2.2.29",
        "text-field-edit": "^3.1.9001",
        "textarea-caret": "^3.1.0",
        "tippy.js": "^6.3.7"
      }
    },
    "node_modules/@emotion/hash": {
      "version": "0.9.0",
      "resolved": "https://registry.npmjs.org/@emotion/hash/-/hash-0.9.0.tgz",
      "integrity": "sha512-14FtKiHhy2QoPIzdTcvh//8OyBlknNs2nXRwIhG904opCby3l+9Xaf/wuPvICBF0rc1ZCNBd3nKe9cd2mecVkQ=="
    },
    "node_modules/@fontsource/jetbrains-mono": {
      "version": "4.5.11",
      "resolved": "https://registry.npmjs.org/@fontsource/jetbrains-mono/-/jetbrains-mono-4.5.11.tgz",
      "integrity": "sha512-IW1qgWGkjlN1O6Jf+6LWF9DpcdXhyQEXhTlzfVKrWHX+ProuOT5FcrEAj34AR+19CgAb9Sheda2slORnybBsdw=="
    },
    "node_modules/@fontsource/public-sans": {
      "version": "4.5.11",
      "resolved": "https://registry.npmjs.org/@fontsource/public-sans/-/public-sans-4.5.11.tgz",
      "integrity": "sha512-waejL3VQnifnLVwQGcW2bULD2vUaevjE9OKmOSAmBACAebZnnYznHL+NL4NgW6B+b1wyltmIr6jBF5XMZVWgYA=="
    },
    "node_modules/@leafac/css": {
      "version": "0.6.2",
      "resolved": "https://registry.npmjs.org/@leafac/css/-/css-0.6.2.tgz",
      "integrity": "sha512-U9Oq3WMDavXOcz7HNfMIFz+GKNa5v/iecMKUf8YEJ0vFBLdrX0Kh6wAKigJORBjS+BgtOUlMI9IaZP87Zg825A==",
      "funding": [
        "https://patreon.com/leafac",
        "https://paypal.me/LeandroFacchinettiEU",
        "https://github.com/sponsors/leafac",
        "https://btc.com/34KJBgtaFYMtDqpSgMayw9qiKWg2GQXA9M"
      ],
      "dependencies": {
        "@emotion/hash": "^0.9.0",
        "@leafac/html": "^3.0.2",
        "autoprefixer": "^10.4.12",
        "postcss": "^8.4.17",
        "postcss-nested": "^6.0.0"
      }
    },
    "node_modules/@leafac/html": {
      "version": "3.0.2",
      "resolved": "https://registry.npmjs.org/@leafac/html/-/html-3.0.2.tgz",
      "integrity": "sha512-AWZdjmfWHeIU3pPdP2FrcMmoELtbWnOEiVBbC/FSTCIYCtV7lwG1IROLdSwEZ4yznscpCgpEm9/VTz7B1IzUKw==",
      "funding": [
        "https://patreon.com/leafac",
        "https://paypal.me/LeandroFacchinettiEU",
        "https://github.com/sponsors/leafac",
        "https://btc.com/34KJBgtaFYMtDqpSgMayw9qiKWg2GQXA9M"
      ],
      "dependencies": {
        "he": "^1.2.0",
        "sanitize-xml-string": "^1.1.0"
      }
    },
    "node_modules/@leafac/javascript": {
      "version": "0.2.12",
      "resolved": "https://registry.npmjs.org/@leafac/javascript/-/javascript-0.2.12.tgz",
      "integrity": "sha512-+RFuKVn8k8AD/aNxXYBbvf0KSqume8icxy5EZ5KU7O/j93dGrlqzvv65TsFzHWV3ckIcJ7+Gu88+IoJWhJV8ag==",
      "funding": [
        "https://patreon.com/leafac",
        "https://paypal.me/LeandroFacchinettiEU",
        "https://github.com/sponsors/leafac",
        "https://btc.com/34KJBgtaFYMtDqpSgMayw9qiKWg2GQXA9M"
      ],
      "dependencies": {
        "@leafac/html": "^3.0.2",
        "tagged-template-noop": "^2.1.1"
      }
    },
    "node_modules/@popperjs/core": {
      "version": "2.11.6",
      "resolved": "https://registry.npmjs.org/@popperjs/core/-/core-2.11.6.tgz",
      "integrity": "sha512-50/17A98tWUfQ176raKiOGXuYpLyyVMkxxG6oylzL3BPOlA6ADGdK7EYunSa4I064xerltq9TGXs8HmOk5E+vw==",
      "funding": {
        "type": "opencollective",
        "url": "https://opencollective.com/popperjs"
      }
    },
    "node_modules/autoprefixer": {
      "version": "10.4.12",
      "resolved": "https://registry.npmjs.org/autoprefixer/-/autoprefixer-10.4.12.tgz",
      "integrity": "sha512-WrCGV9/b97Pa+jtwf5UGaRjgQIg7OK3D06GnoYoZNcG1Xb8Gt3EfuKjlhh9i/VtT16g6PYjZ69jdJ2g8FxSC4Q==",
      "funding": [
        {
          "type": "opencollective",
          "url": "https://opencollective.com/postcss/"
        },
        {
          "type": "tidelift",
          "url": "https://tidelift.com/funding/github/npm/autoprefixer"
        }
      ],
      "dependencies": {
        "browserslist": "^4.21.4",
        "caniuse-lite": "^1.0.30001407",
        "fraction.js": "^4.2.0",
        "normalize-range": "^0.1.2",
        "picocolors": "^1.0.0",
        "postcss-value-parser": "^4.2.0"
      },
      "bin": {
        "autoprefixer": "bin/autoprefixer"
      },
      "engines": {
        "node": "^10 || ^12 || >=14"
      },
      "peerDependencies": {
        "postcss": "^8.1.0"
      }
    },
    "node_modules/autosize": {
      "version": "5.0.1",
      "resolved": "https://registry.npmjs.org/autosize/-/autosize-5.0.1.tgz",
      "integrity": "sha512-UIWUlE4TOVPNNj2jjrU39wI4hEYbneUypEqcyRmRFIx5CC2gNdg3rQr+Zh7/3h6egbBvm33TDQjNQKtj9Tk1HA=="
    },
    "node_modules/bootstrap-icons": {
      "version": "1.9.1",
      "resolved": "https://registry.npmjs.org/bootstrap-icons/-/bootstrap-icons-1.9.1.tgz",
      "integrity": "sha512-d4ZkO30MIkAhQ2nNRJqKXJVEQorALGbLWTuRxyCTJF96lRIV6imcgMehWGJUiJMJhglN0o2tqLIeDnMdiQEE9g=="
    },
    "node_modules/browserslist": {
      "version": "4.21.4",
      "resolved": "https://registry.npmjs.org/browserslist/-/browserslist-4.21.4.tgz",
      "integrity": "sha512-CBHJJdDmgjl3daYjN5Cp5kbTf1mUhZoS+beLklHIvkOWscs83YAhLlF3Wsh/lciQYAcbBJgTOD44VtG31ZM4Hw==",
      "funding": [
        {
          "type": "opencollective",
          "url": "https://opencollective.com/browserslist"
        },
        {
          "type": "tidelift",
          "url": "https://tidelift.com/funding/github/npm/browserslist"
        }
      ],
      "dependencies": {
        "caniuse-lite": "^1.0.30001400",
        "electron-to-chromium": "^1.4.251",
        "node-releases": "^2.0.6",
        "update-browserslist-db": "^1.0.9"
      },
      "bin": {
        "browserslist": "cli.js"
      },
      "engines": {
        "node": "^6 || ^7 || ^8 || ^9 || ^10 || ^11 || ^12 || >=13.7"
      }
    },
    "node_modules/caniuse-lite": {
      "version": "1.0.30001414",
      "resolved": "https://registry.npmjs.org/caniuse-lite/-/caniuse-lite-1.0.30001414.tgz",
      "integrity": "sha512-t55jfSaWjCdocnFdKQoO+d2ct9C59UZg4dY3OnUlSZ447r8pUtIKdp0hpAzrGFultmTC+Us+KpKi4GZl/LXlFg==",
      "funding": [
        {
          "type": "opencollective",
          "url": "https://opencollective.com/browserslist"
        },
        {
          "type": "tidelift",
          "url": "https://tidelift.com/funding/github/npm/caniuse-lite"
        }
      ]
    },
    "node_modules/commander": {
      "version": "8.3.0",
      "resolved": "https://registry.npmjs.org/commander/-/commander-8.3.0.tgz",
      "integrity": "sha512-OkTL9umf+He2DZkUq8f8J9of7yL6RJKI24dVITBmNfZBmri9zYZQrKkuXiKhyfPSu8tUhnVBB1iKXevvnlR4Ww==",
      "engines": {
        "node": ">= 12"
      }
    },
    "node_modules/compute-scroll-into-view": {
      "version": "1.0.17",
      "resolved": "https://registry.npmjs.org/compute-scroll-into-view/-/compute-scroll-into-view-1.0.17.tgz",
      "integrity": "sha512-j4dx+Fb0URmzbwwMUrhqWM2BEWHdFGx+qZ9qqASHRPqvTYdqvWnHg0H1hIbcyLnvgnoNAVMlwkepyqM3DaIFUg=="
    },
    "node_modules/cssesc": {
      "version": "3.0.0",
      "resolved": "https://registry.npmjs.org/cssesc/-/cssesc-3.0.0.tgz",
      "integrity": "sha512-/Tb/JcjK111nNScGob5MNtsntNM1aCNUDipB/TkwZFhyDrrE47SOx/18wF2bbjgc3ZzCSKW1T5nt5EbFoAz/Vg==",
      "bin": {
        "cssesc": "bin/cssesc"
      },
      "engines": {
        "node": ">=4"
      }
    },
    "node_modules/electron-to-chromium": {
      "version": "1.4.270",
      "resolved": "https://registry.npmjs.org/electron-to-chromium/-/electron-to-chromium-1.4.270.tgz",
      "integrity": "sha512-KNhIzgLiJmDDC444dj9vEOpZEgsV96ult9Iff98Vanumn+ShJHd5se8aX6KeVxdc0YQeqdrezBZv89rleDbvSg=="
    },
    "node_modules/escalade": {
      "version": "3.1.1",
      "resolved": "https://registry.npmjs.org/escalade/-/escalade-3.1.1.tgz",
      "integrity": "sha512-k0er2gUkLf8O0zKJiAhmkTnJlTvINGv7ygDNPbeIsX/TJjGJZHuh9B2UxbsaEkmlEo9MfhrSzmhIlhRlI2GXnw==",
      "engines": {
        "node": ">=6"
      }
    },
    "node_modules/fake-avatars": {
      "version": "1.0.0",
      "resolved": "https://registry.npmjs.org/fake-avatars/-/fake-avatars-1.0.0.tgz",
      "integrity": "sha512-GfzrxtFLJgjN2mdTYysjTdAd8iR++cNRNczbrkzJctle8306LNLCobd9NnpdYUFuJPucft547BRfbHwLy64WAQ=="
    },
    "node_modules/fast-myers-diff": {
      "version": "3.0.1",
      "resolved": "https://registry.npmjs.org/fast-myers-diff/-/fast-myers-diff-3.0.1.tgz",
      "integrity": "sha512-e8p26utONwDXeSDkDqu4jaR3l3r6ZgQO2GWB178ePZxCfFoRPNTJVZylUEHHG6uZeRikL1zCc2sl4sIAs9c0UQ=="
    },
    "node_modules/fraction.js": {
      "version": "4.2.0",
      "resolved": "https://registry.npmjs.org/fraction.js/-/fraction.js-4.2.0.tgz",
      "integrity": "sha512-MhLuK+2gUcnZe8ZHlaaINnQLl0xRIGRfcGk2yl8xoQAfHrSsL3rYu6FCmBdkdbhc9EPlwyGHewaRsvwRMJtAlA==",
      "engines": {
        "node": "*"
      },
      "funding": {
        "type": "patreon",
        "url": "https://www.patreon.com/infusion"
      }
    },
    "node_modules/he": {
      "version": "1.2.0",
      "resolved": "https://registry.npmjs.org/he/-/he-1.2.0.tgz",
      "integrity": "sha512-F/1DnUGPopORZi0ni+CvrCgHQ5FyEAHRLSApuYWMmrbSwoN2Mn/7k+Gl38gJnR7yyDZk6WLXwiGod1JOWNDKGw==",
      "bin": {
        "he": "bin/he"
      }
    },
    "node_modules/katex": {
      "version": "0.16.2",
      "resolved": "https://registry.npmjs.org/katex/-/katex-0.16.2.tgz",
      "integrity": "sha512-70DJdQAyh9EMsthw3AaQlDyFf54X7nWEUIa5W+rq8XOpEk//w5Th7/8SqFqpvi/KZ2t6MHUj4f9wLmztBmAYQA==",
      "funding": [
        "https://opencollective.com/katex",
        "https://github.com/sponsors/katex"
      ],
      "dependencies": {
        "commander": "^8.0.0"
      },
      "bin": {
        "katex": "cli.js"
      }
    },
    "node_modules/mousetrap": {
      "version": "1.6.5",
      "resolved": "https://registry.npmjs.org/mousetrap/-/mousetrap-1.6.5.tgz",
      "integrity": "sha512-QNo4kEepaIBwiT8CDhP98umTetp+JNfQYBWvC1pc6/OAibuXtRcxZ58Qz8skvEHYvURne/7R8T5VoOI7rDsEUA=="
    },
    "node_modules/nanoid": {
      "version": "3.3.4",
      "resolved": "https://registry.npmjs.org/nanoid/-/nanoid-3.3.4.tgz",
      "integrity": "sha512-MqBkQh/OHTS2egovRtLk45wEyNXwF+cokD+1YPf9u5VfJiRdAiRwB2froX5Co9Rh20xs4siNPm8naNotSD6RBw==",
      "bin": {
        "nanoid": "bin/nanoid.cjs"
      },
      "engines": {
        "node": "^10 || ^12 || ^13.7 || ^14 || >=15.0.1"
      }
    },
    "node_modules/node-releases": {
      "version": "2.0.6",
      "resolved": "https://registry.npmjs.org/node-releases/-/node-releases-2.0.6.tgz",
      "integrity": "sha512-PiVXnNuFm5+iYkLBNeq5211hvO38y63T0i2KKh2KnUs3RpzJ+JtODFjkD8yjLwnDkTYF1eKXheUwdssR+NRZdg=="
    },
    "node_modules/normalize-range": {
      "version": "0.1.2",
      "resolved": "https://registry.npmjs.org/normalize-range/-/normalize-range-0.1.2.tgz",
      "integrity": "sha512-bdok/XvKII3nUpklnV6P2hxtMNrCboOjAcyBuQnWEhO665FwrSNRxU+AqpsyvO6LgGYPspN+lu5CLtw4jPRKNA==",
      "engines": {
        "node": ">=0.10.0"
      }
    },
    "node_modules/picocolors": {
      "version": "1.0.0",
      "resolved": "https://registry.npmjs.org/picocolors/-/picocolors-1.0.0.tgz",
      "integrity": "sha512-1fygroTLlHu66zi26VoTDv8yRgm0Fccecssto+MhsZ0D/DGW2sm8E8AjW7NU5VVTRt5GxbeZ5qBuJr+HyLYkjQ=="
    },
    "node_modules/postcss": {
      "version": "8.4.17",
      "resolved": "https://registry.npmjs.org/postcss/-/postcss-8.4.17.tgz",
      "integrity": "sha512-UNxNOLQydcOFi41yHNMcKRZ39NeXlr8AxGuZJsdub8vIb12fHzcq37DTU/QtbI6WLxNg2gF9Z+8qtRwTj1UI1Q==",
      "funding": [
        {
          "type": "opencollective",
          "url": "https://opencollective.com/postcss/"
        },
        {
          "type": "tidelift",
          "url": "https://tidelift.com/funding/github/npm/postcss"
        }
      ],
      "dependencies": {
        "nanoid": "^3.3.4",
        "picocolors": "^1.0.0",
        "source-map-js": "^1.0.2"
      },
      "engines": {
        "node": "^10 || ^12 || >=14"
      }
    },
    "node_modules/postcss-nested": {
      "version": "6.0.0",
      "resolved": "https://registry.npmjs.org/postcss-nested/-/postcss-nested-6.0.0.tgz",
      "integrity": "sha512-0DkamqrPcmkBDsLn+vQDIrtkSbNkv5AD/M322ySo9kqFkCIYklym2xEmWkwo+Y3/qZo34tzEPNUw4y7yMCdv5w==",
      "dependencies": {
        "postcss-selector-parser": "^6.0.10"
      },
      "engines": {
        "node": ">=12.0"
      },
      "funding": {
        "type": "opencollective",
        "url": "https://opencollective.com/postcss/"
      },
      "peerDependencies": {
        "postcss": "^8.2.14"
      }
    },
    "node_modules/postcss-selector-parser": {
      "version": "6.0.10",
      "resolved": "https://registry.npmjs.org/postcss-selector-parser/-/postcss-selector-parser-6.0.10.tgz",
      "integrity": "sha512-IQ7TZdoaqbT+LCpShg46jnZVlhWD2w6iQYAcYXfHARZ7X1t/UGhhceQDs5X0cGqKvYlHNOuv7Oa1xmb0oQuA3w==",
      "dependencies": {
        "cssesc": "^3.0.0",
        "util-deprecate": "^1.0.2"
      },
      "engines": {
        "node": ">=4"
      }
    },
    "node_modules/postcss-value-parser": {
      "version": "4.2.0",
      "resolved": "https://registry.npmjs.org/postcss-value-parser/-/postcss-value-parser-4.2.0.tgz",
      "integrity": "sha512-1NNCs6uurfkVbeXG4S8JFT9t19m45ICnif8zWLd5oPSZ50QnwMfK+H3jv408d4jw/7Bttv5axS5IiHoLaVNHeQ=="
    },
    "node_modules/sanitize-xml-string": {
      "version": "1.1.0",
      "resolved": "https://registry.npmjs.org/sanitize-xml-string/-/sanitize-xml-string-1.1.0.tgz",
      "integrity": "sha512-RzX25K64YtZm9FvdZr/Ac7Eeq0va1YX0xmpOkjWoREhgKXXldrJRVJhBel83nS8omIcaKcNTdLY8XzOIK920HA==",
      "engines": {
        "node": ">=7.0.0"
      }
    },
    "node_modules/scroll-into-view-if-needed": {
      "version": "2.2.29",
      "resolved": "https://registry.npmjs.org/scroll-into-view-if-needed/-/scroll-into-view-if-needed-2.2.29.tgz",
      "integrity": "sha512-hxpAR6AN+Gh53AdAimHM6C8oTN1ppwVZITihix+WqalywBeFcQ6LdQP5ABNl26nX8GTEL7VT+b8lKpdqq65wXg==",
      "dependencies": {
        "compute-scroll-into-view": "^1.0.17"
      }
    },
    "node_modules/source-map-js": {
      "version": "1.0.2",
      "resolved": "https://registry.npmjs.org/source-map-js/-/source-map-js-1.0.2.tgz",
      "integrity": "sha512-R0XvVJ9WusLiqTCEiGCmICCMplcCkIwwR11mOSD9CR5u+IXYdiseeEuXCVAjS54zqwkLcPNnmU4OeJ6tUrWhDw==",
      "engines": {
        "node": ">=0.10.0"
      }
    },
    "node_modules/tagged-template-noop": {
      "version": "2.1.1",
      "resolved": "https://registry.npmjs.org/tagged-template-noop/-/tagged-template-noop-2.1.1.tgz",
      "integrity": "sha512-diZ004cBHKVueqSr5p+/EPZhofCBRW7w7zZL71FcK8x+209BbMw77ICrP9AWXpVjPyyyIqRYYFAM4Wjk2HNWQg==",
      "engines": {
        "node": ">=6"
      }
    },
    "node_modules/text-field-edit": {
      "version": "3.1.9001",
      "resolved": "https://registry.npmjs.org/text-field-edit/-/text-field-edit-3.1.9001.tgz",
      "integrity": "sha512-5xSqH9HMiW4r/YDoz/DMX895elwenTCV/xwjGSmhVol62YFTHivbZi3T0jKm0Oyzj63RA2C0XAnWMQSC0SO/JA==",
      "funding": {
        "url": "https://github.com/sponsors/fregante"
      }
    },
    "node_modules/textarea-caret": {
      "version": "3.1.0",
      "resolved": "https://registry.npmjs.org/textarea-caret/-/textarea-caret-3.1.0.tgz",
      "integrity": "sha512-cXAvzO9pP5CGa6NKx0WYHl+8CHKZs8byMkt3PCJBCmq2a34YA9pO1NrQET5pzeqnBjBdToF5No4rrmkDUgQC2Q=="
    },
    "node_modules/tippy.js": {
      "version": "6.3.7",
      "resolved": "https://registry.npmjs.org/tippy.js/-/tippy.js-6.3.7.tgz",
      "integrity": "sha512-E1d3oP2emgJ9dRQZdf3Kkn0qJgI6ZLpyS5z6ZkY1DF3kaQaBsGZsndEpHwx+eC+tYM41HaSNvNtLx8tU57FzTQ==",
      "dependencies": {
        "@popperjs/core": "^2.9.0"
      }
    },
    "node_modules/update-browserslist-db": {
      "version": "1.0.9",
      "resolved": "https://registry.npmjs.org/update-browserslist-db/-/update-browserslist-db-1.0.9.tgz",
      "integrity": "sha512-/xsqn21EGVdXI3EXSum1Yckj3ZVZugqyOZQ/CxYPBD/R+ko9NSUScf8tFF4dOKY+2pvSSJA/S+5B8s4Zr4kyvg==",
      "funding": [
        {
          "type": "opencollective",
          "url": "https://opencollective.com/browserslist"
        },
        {
          "type": "tidelift",
          "url": "https://tidelift.com/funding/github/npm/browserslist"
        }
      ],
      "dependencies": {
        "escalade": "^3.1.1",
        "picocolors": "^1.0.0"
      },
      "bin": {
        "browserslist-lint": "cli.js"
      },
      "peerDependencies": {
        "browserslist": ">= 4.21.0"
      }
    },
    "node_modules/util-deprecate": {
      "version": "1.0.2",
      "resolved": "https://registry.npmjs.org/util-deprecate/-/util-deprecate-1.0.2.tgz",
      "integrity": "sha512-EPD5q1uXyFxJpCrLnCc1nHnq3gOa6DZBocAIiI2TaSCA7VCJ1UJDMagCzIkXNsUYfD1daK//LTEQ8xiIbrHtcw=="
    }
  },
  "dependencies": {
    "@emotion/hash": {
      "version": "0.9.0",
      "resolved": "https://registry.npmjs.org/@emotion/hash/-/hash-0.9.0.tgz",
      "integrity": "sha512-14FtKiHhy2QoPIzdTcvh//8OyBlknNs2nXRwIhG904opCby3l+9Xaf/wuPvICBF0rc1ZCNBd3nKe9cd2mecVkQ=="
    },
    "@fontsource/jetbrains-mono": {
      "version": "4.5.11",
      "resolved": "https://registry.npmjs.org/@fontsource/jetbrains-mono/-/jetbrains-mono-4.5.11.tgz",
      "integrity": "sha512-IW1qgWGkjlN1O6Jf+6LWF9DpcdXhyQEXhTlzfVKrWHX+ProuOT5FcrEAj34AR+19CgAb9Sheda2slORnybBsdw=="
    },
    "@fontsource/public-sans": {
      "version": "4.5.11",
      "resolved": "https://registry.npmjs.org/@fontsource/public-sans/-/public-sans-4.5.11.tgz",
      "integrity": "sha512-waejL3VQnifnLVwQGcW2bULD2vUaevjE9OKmOSAmBACAebZnnYznHL+NL4NgW6B+b1wyltmIr6jBF5XMZVWgYA=="
    },
    "@leafac/css": {
      "version": "0.6.2",
      "resolved": "https://registry.npmjs.org/@leafac/css/-/css-0.6.2.tgz",
      "integrity": "sha512-U9Oq3WMDavXOcz7HNfMIFz+GKNa5v/iecMKUf8YEJ0vFBLdrX0Kh6wAKigJORBjS+BgtOUlMI9IaZP87Zg825A==",
      "requires": {
        "@emotion/hash": "^0.9.0",
        "@leafac/html": "^3.0.2",
        "autoprefixer": "^10.4.12",
        "postcss": "^8.4.17",
        "postcss-nested": "^6.0.0"
      }
    },
    "@leafac/html": {
      "version": "3.0.2",
      "resolved": "https://registry.npmjs.org/@leafac/html/-/html-3.0.2.tgz",
      "integrity": "sha512-AWZdjmfWHeIU3pPdP2FrcMmoELtbWnOEiVBbC/FSTCIYCtV7lwG1IROLdSwEZ4yznscpCgpEm9/VTz7B1IzUKw==",
      "requires": {
        "he": "^1.2.0",
        "sanitize-xml-string": "^1.1.0"
      }
    },
    "@leafac/javascript": {
      "version": "0.2.12",
      "resolved": "https://registry.npmjs.org/@leafac/javascript/-/javascript-0.2.12.tgz",
      "integrity": "sha512-+RFuKVn8k8AD/aNxXYBbvf0KSqume8icxy5EZ5KU7O/j93dGrlqzvv65TsFzHWV3ckIcJ7+Gu88+IoJWhJV8ag==",
      "requires": {
        "@leafac/html": "^3.0.2",
        "tagged-template-noop": "^2.1.1"
      }
    },
    "@popperjs/core": {
      "version": "2.11.6",
      "resolved": "https://registry.npmjs.org/@popperjs/core/-/core-2.11.6.tgz",
      "integrity": "sha512-50/17A98tWUfQ176raKiOGXuYpLyyVMkxxG6oylzL3BPOlA6ADGdK7EYunSa4I064xerltq9TGXs8HmOk5E+vw=="
    },
    "autoprefixer": {
      "version": "10.4.12",
      "resolved": "https://registry.npmjs.org/autoprefixer/-/autoprefixer-10.4.12.tgz",
      "integrity": "sha512-WrCGV9/b97Pa+jtwf5UGaRjgQIg7OK3D06GnoYoZNcG1Xb8Gt3EfuKjlhh9i/VtT16g6PYjZ69jdJ2g8FxSC4Q==",
      "requires": {
        "browserslist": "^4.21.4",
        "caniuse-lite": "^1.0.30001407",
        "fraction.js": "^4.2.0",
        "normalize-range": "^0.1.2",
        "picocolors": "^1.0.0",
        "postcss-value-parser": "^4.2.0"
      }
    },
    "autosize": {
      "version": "5.0.1",
      "resolved": "https://registry.npmjs.org/autosize/-/autosize-5.0.1.tgz",
      "integrity": "sha512-UIWUlE4TOVPNNj2jjrU39wI4hEYbneUypEqcyRmRFIx5CC2gNdg3rQr+Zh7/3h6egbBvm33TDQjNQKtj9Tk1HA=="
    },
    "bootstrap-icons": {
      "version": "1.9.1",
      "resolved": "https://registry.npmjs.org/bootstrap-icons/-/bootstrap-icons-1.9.1.tgz",
      "integrity": "sha512-d4ZkO30MIkAhQ2nNRJqKXJVEQorALGbLWTuRxyCTJF96lRIV6imcgMehWGJUiJMJhglN0o2tqLIeDnMdiQEE9g=="
    },
    "browserslist": {
      "version": "4.21.4",
      "resolved": "https://registry.npmjs.org/browserslist/-/browserslist-4.21.4.tgz",
      "integrity": "sha512-CBHJJdDmgjl3daYjN5Cp5kbTf1mUhZoS+beLklHIvkOWscs83YAhLlF3Wsh/lciQYAcbBJgTOD44VtG31ZM4Hw==",
      "requires": {
        "caniuse-lite": "^1.0.30001400",
        "electron-to-chromium": "^1.4.251",
        "node-releases": "^2.0.6",
        "update-browserslist-db": "^1.0.9"
      }
    },
    "caniuse-lite": {
      "version": "1.0.30001414",
      "resolved": "https://registry.npmjs.org/caniuse-lite/-/caniuse-lite-1.0.30001414.tgz",
      "integrity": "sha512-t55jfSaWjCdocnFdKQoO+d2ct9C59UZg4dY3OnUlSZ447r8pUtIKdp0hpAzrGFultmTC+Us+KpKi4GZl/LXlFg=="
    },
    "commander": {
      "version": "8.3.0",
      "resolved": "https://registry.npmjs.org/commander/-/commander-8.3.0.tgz",
      "integrity": "sha512-OkTL9umf+He2DZkUq8f8J9of7yL6RJKI24dVITBmNfZBmri9zYZQrKkuXiKhyfPSu8tUhnVBB1iKXevvnlR4Ww=="
    },
    "compute-scroll-into-view": {
      "version": "1.0.17",
      "resolved": "https://registry.npmjs.org/compute-scroll-into-view/-/compute-scroll-into-view-1.0.17.tgz",
      "integrity": "sha512-j4dx+Fb0URmzbwwMUrhqWM2BEWHdFGx+qZ9qqASHRPqvTYdqvWnHg0H1hIbcyLnvgnoNAVMlwkepyqM3DaIFUg=="
    },
    "cssesc": {
      "version": "3.0.0",
      "resolved": "https://registry.npmjs.org/cssesc/-/cssesc-3.0.0.tgz",
      "integrity": "sha512-/Tb/JcjK111nNScGob5MNtsntNM1aCNUDipB/TkwZFhyDrrE47SOx/18wF2bbjgc3ZzCSKW1T5nt5EbFoAz/Vg=="
    },
    "electron-to-chromium": {
      "version": "1.4.270",
      "resolved": "https://registry.npmjs.org/electron-to-chromium/-/electron-to-chromium-1.4.270.tgz",
      "integrity": "sha512-KNhIzgLiJmDDC444dj9vEOpZEgsV96ult9Iff98Vanumn+ShJHd5se8aX6KeVxdc0YQeqdrezBZv89rleDbvSg=="
    },
    "escalade": {
      "version": "3.1.1",
      "resolved": "https://registry.npmjs.org/escalade/-/escalade-3.1.1.tgz",
      "integrity": "sha512-k0er2gUkLf8O0zKJiAhmkTnJlTvINGv7ygDNPbeIsX/TJjGJZHuh9B2UxbsaEkmlEo9MfhrSzmhIlhRlI2GXnw=="
    },
    "fake-avatars": {
      "version": "1.0.0",
      "resolved": "https://registry.npmjs.org/fake-avatars/-/fake-avatars-1.0.0.tgz",
      "integrity": "sha512-GfzrxtFLJgjN2mdTYysjTdAd8iR++cNRNczbrkzJctle8306LNLCobd9NnpdYUFuJPucft547BRfbHwLy64WAQ=="
    },
    "fast-myers-diff": {
      "version": "3.0.1",
      "resolved": "https://registry.npmjs.org/fast-myers-diff/-/fast-myers-diff-3.0.1.tgz",
      "integrity": "sha512-e8p26utONwDXeSDkDqu4jaR3l3r6ZgQO2GWB178ePZxCfFoRPNTJVZylUEHHG6uZeRikL1zCc2sl4sIAs9c0UQ=="
    },
    "fraction.js": {
      "version": "4.2.0",
      "resolved": "https://registry.npmjs.org/fraction.js/-/fraction.js-4.2.0.tgz",
      "integrity": "sha512-MhLuK+2gUcnZe8ZHlaaINnQLl0xRIGRfcGk2yl8xoQAfHrSsL3rYu6FCmBdkdbhc9EPlwyGHewaRsvwRMJtAlA=="
    },
    "he": {
      "version": "1.2.0",
      "resolved": "https://registry.npmjs.org/he/-/he-1.2.0.tgz",
      "integrity": "sha512-F/1DnUGPopORZi0ni+CvrCgHQ5FyEAHRLSApuYWMmrbSwoN2Mn/7k+Gl38gJnR7yyDZk6WLXwiGod1JOWNDKGw=="
    },
    "katex": {
      "version": "0.16.2",
      "resolved": "https://registry.npmjs.org/katex/-/katex-0.16.2.tgz",
      "integrity": "sha512-70DJdQAyh9EMsthw3AaQlDyFf54X7nWEUIa5W+rq8XOpEk//w5Th7/8SqFqpvi/KZ2t6MHUj4f9wLmztBmAYQA==",
      "requires": {
        "commander": "^8.0.0"
      }
    },
    "mousetrap": {
      "version": "1.6.5",
      "resolved": "https://registry.npmjs.org/mousetrap/-/mousetrap-1.6.5.tgz",
      "integrity": "sha512-QNo4kEepaIBwiT8CDhP98umTetp+JNfQYBWvC1pc6/OAibuXtRcxZ58Qz8skvEHYvURne/7R8T5VoOI7rDsEUA=="
    },
    "nanoid": {
      "version": "3.3.4",
      "resolved": "https://registry.npmjs.org/nanoid/-/nanoid-3.3.4.tgz",
      "integrity": "sha512-MqBkQh/OHTS2egovRtLk45wEyNXwF+cokD+1YPf9u5VfJiRdAiRwB2froX5Co9Rh20xs4siNPm8naNotSD6RBw=="
    },
    "node-releases": {
      "version": "2.0.6",
      "resolved": "https://registry.npmjs.org/node-releases/-/node-releases-2.0.6.tgz",
      "integrity": "sha512-PiVXnNuFm5+iYkLBNeq5211hvO38y63T0i2KKh2KnUs3RpzJ+JtODFjkD8yjLwnDkTYF1eKXheUwdssR+NRZdg=="
    },
    "normalize-range": {
      "version": "0.1.2",
      "resolved": "https://registry.npmjs.org/normalize-range/-/normalize-range-0.1.2.tgz",
      "integrity": "sha512-bdok/XvKII3nUpklnV6P2hxtMNrCboOjAcyBuQnWEhO665FwrSNRxU+AqpsyvO6LgGYPspN+lu5CLtw4jPRKNA=="
    },
    "picocolors": {
      "version": "1.0.0",
      "resolved": "https://registry.npmjs.org/picocolors/-/picocolors-1.0.0.tgz",
      "integrity": "sha512-1fygroTLlHu66zi26VoTDv8yRgm0Fccecssto+MhsZ0D/DGW2sm8E8AjW7NU5VVTRt5GxbeZ5qBuJr+HyLYkjQ=="
    },
    "postcss": {
      "version": "8.4.17",
      "resolved": "https://registry.npmjs.org/postcss/-/postcss-8.4.17.tgz",
      "integrity": "sha512-UNxNOLQydcOFi41yHNMcKRZ39NeXlr8AxGuZJsdub8vIb12fHzcq37DTU/QtbI6WLxNg2gF9Z+8qtRwTj1UI1Q==",
      "requires": {
        "nanoid": "^3.3.4",
        "picocolors": "^1.0.0",
        "source-map-js": "^1.0.2"
      }
    },
    "postcss-nested": {
      "version": "6.0.0",
      "resolved": "https://registry.npmjs.org/postcss-nested/-/postcss-nested-6.0.0.tgz",
      "integrity": "sha512-0DkamqrPcmkBDsLn+vQDIrtkSbNkv5AD/M322ySo9kqFkCIYklym2xEmWkwo+Y3/qZo34tzEPNUw4y7yMCdv5w==",
      "requires": {
        "postcss-selector-parser": "^6.0.10"
      }
    },
    "postcss-selector-parser": {
      "version": "6.0.10",
      "resolved": "https://registry.npmjs.org/postcss-selector-parser/-/postcss-selector-parser-6.0.10.tgz",
      "integrity": "sha512-IQ7TZdoaqbT+LCpShg46jnZVlhWD2w6iQYAcYXfHARZ7X1t/UGhhceQDs5X0cGqKvYlHNOuv7Oa1xmb0oQuA3w==",
      "requires": {
        "cssesc": "^3.0.0",
        "util-deprecate": "^1.0.2"
      }
    },
    "postcss-value-parser": {
      "version": "4.2.0",
      "resolved": "https://registry.npmjs.org/postcss-value-parser/-/postcss-value-parser-4.2.0.tgz",
      "integrity": "sha512-1NNCs6uurfkVbeXG4S8JFT9t19m45ICnif8zWLd5oPSZ50QnwMfK+H3jv408d4jw/7Bttv5axS5IiHoLaVNHeQ=="
    },
    "sanitize-xml-string": {
      "version": "1.1.0",
      "resolved": "https://registry.npmjs.org/sanitize-xml-string/-/sanitize-xml-string-1.1.0.tgz",
      "integrity": "sha512-RzX25K64YtZm9FvdZr/Ac7Eeq0va1YX0xmpOkjWoREhgKXXldrJRVJhBel83nS8omIcaKcNTdLY8XzOIK920HA=="
    },
    "scroll-into-view-if-needed": {
      "version": "2.2.29",
      "resolved": "https://registry.npmjs.org/scroll-into-view-if-needed/-/scroll-into-view-if-needed-2.2.29.tgz",
      "integrity": "sha512-hxpAR6AN+Gh53AdAimHM6C8oTN1ppwVZITihix+WqalywBeFcQ6LdQP5ABNl26nX8GTEL7VT+b8lKpdqq65wXg==",
      "requires": {
        "compute-scroll-into-view": "^1.0.17"
      }
    },
    "source-map-js": {
      "version": "1.0.2",
      "resolved": "https://registry.npmjs.org/source-map-js/-/source-map-js-1.0.2.tgz",
      "integrity": "sha512-R0XvVJ9WusLiqTCEiGCmICCMplcCkIwwR11mOSD9CR5u+IXYdiseeEuXCVAjS54zqwkLcPNnmU4OeJ6tUrWhDw=="
    },
    "tagged-template-noop": {
      "version": "2.1.1",
      "resolved": "https://registry.npmjs.org/tagged-template-noop/-/tagged-template-noop-2.1.1.tgz",
      "integrity": "sha512-diZ004cBHKVueqSr5p+/EPZhofCBRW7w7zZL71FcK8x+209BbMw77ICrP9AWXpVjPyyyIqRYYFAM4Wjk2HNWQg=="
    },
    "text-field-edit": {
      "version": "3.1.9001",
      "resolved": "https://registry.npmjs.org/text-field-edit/-/text-field-edit-3.1.9001.tgz",
      "integrity": "sha512-5xSqH9HMiW4r/YDoz/DMX895elwenTCV/xwjGSmhVol62YFTHivbZi3T0jKm0Oyzj63RA2C0XAnWMQSC0SO/JA=="
    },
    "textarea-caret": {
      "version": "3.1.0",
      "resolved": "https://registry.npmjs.org/textarea-caret/-/textarea-caret-3.1.0.tgz",
      "integrity": "sha512-cXAvzO9pP5CGa6NKx0WYHl+8CHKZs8byMkt3PCJBCmq2a34YA9pO1NrQET5pzeqnBjBdToF5No4rrmkDUgQC2Q=="
    },
    "tippy.js": {
      "version": "6.3.7",
      "resolved": "https://registry.npmjs.org/tippy.js/-/tippy.js-6.3.7.tgz",
      "integrity": "sha512-E1d3oP2emgJ9dRQZdf3Kkn0qJgI6ZLpyS5z6ZkY1DF3kaQaBsGZsndEpHwx+eC+tYM41HaSNvNtLx8tU57FzTQ==",
      "requires": {
        "@popperjs/core": "^2.9.0"
      }
    },
    "update-browserslist-db": {
      "version": "1.0.9",
      "resolved": "https://registry.npmjs.org/update-browserslist-db/-/update-browserslist-db-1.0.9.tgz",
      "integrity": "sha512-/xsqn21EGVdXI3EXSum1Yckj3ZVZugqyOZQ/CxYPBD/R+ko9NSUScf8tFF4dOKY+2pvSSJA/S+5B8s4Zr4kyvg==",
      "requires": {
        "escalade": "^3.1.1",
        "picocolors": "^1.0.0"
      }
    },
    "util-deprecate": {
      "version": "1.0.2",
      "resolved": "https://registry.npmjs.org/util-deprecate/-/util-deprecate-1.0.2.tgz",
      "integrity": "sha512-EPD5q1uXyFxJpCrLnCc1nHnq3gOa6DZBocAIiI2TaSCA7VCJ1UJDMagCzIkXNsUYfD1daK//LTEQ8xiIbrHtcw=="
    }
  }
}
