{
  "name": "public",
  "lockfileVersion": 2,
  "requires": true,
  "packages": {
    "": {
      "dependencies": {
        "@ibm/plex": "^5.1.3",
        "bootstrap-icons": "^1.5.0",
        "fit-textarea": "^3.0.0",
        "katex": "^0.12.0",
        "micromodal": "^0.4.6",
        "mousetrap": "^1.6.5",
        "text-field-edit": "^3.1.0",
        "tippy.js": "^6.3.1"
      }
    },
    "node_modules/@ibm/plex": {
      "version": "5.1.3",
      "resolved": "https://registry.npmjs.org/@ibm/plex/-/plex-5.1.3.tgz",
      "integrity": "sha512-Wgful5xAKIzUFngMyEnZ6nc7IKMyKMRVk4qCIAgjRCI76w1uCGGgImWSEunay+j5mPrEWQKwz1ht8Xk6rcumEw=="
    },
    "node_modules/@popperjs/core": {
      "version": "2.9.2",
      "resolved": "https://registry.npmjs.org/@popperjs/core/-/core-2.9.2.tgz",
      "integrity": "sha512-VZMYa7+fXHdwIq1TDhSXoVmSPEGM/aa+6Aiq3nVVJ9bXr24zScr+NlKFKC3iPljA7ho/GAZr+d2jOf5GIRC30Q==",
      "funding": {
        "type": "opencollective",
        "url": "https://opencollective.com/popperjs"
      }
    },
    "node_modules/bootstrap-icons": {
      "version": "1.5.0",
      "resolved": "https://registry.npmjs.org/bootstrap-icons/-/bootstrap-icons-1.5.0.tgz",
      "integrity": "sha512-44feMc7DE1Ccpsas/1wioN8ewFJNquvi5FewA06wLnqct7CwMdGDVy41ieHaacogzDqLfG8nADIvMNp9e4bfbA==",
      "engines": {
        "node": ">=10"
      }
    },
    "node_modules/commander": {
      "version": "2.20.3",
      "resolved": "https://registry.npmjs.org/commander/-/commander-2.20.3.tgz",
      "integrity": "sha512-GpVkmM8vF2vQUkj2LvZmD35JxeJOLCwJ9cUkugyk2nuhbv3+mJvpLYYt+0+USMxE+oj+ey/lJEnhZw75x/OMcQ=="
    },
    "node_modules/fit-textarea": {
      "version": "3.0.0",
      "resolved": "https://registry.npmjs.org/fit-textarea/-/fit-textarea-3.0.0.tgz",
      "integrity": "sha512-27CNxgJ0bL+ATJbLZuOjtUGfAiwa99kT6omFscYTQ9P/u6Lawekkws6lylTu32VgzkQTnTEXbu+bRaHtwoN02Q=="
    },
    "node_modules/katex": {
      "version": "0.12.0",
      "resolved": "https://registry.npmjs.org/katex/-/katex-0.12.0.tgz",
      "integrity": "sha512-y+8btoc/CK70XqcHqjxiGWBOeIL8upbS0peTPXTvgrh21n1RiWWcIpSWM+4uXq+IAgNh9YYQWdc7LVDPDAEEAg==",
      "dependencies": {
        "commander": "^2.19.0"
      },
      "bin": {
        "katex": "cli.js"
      }
    },
    "node_modules/micromodal": {
      "version": "0.4.6",
      "resolved": "https://registry.npmjs.org/micromodal/-/micromodal-0.4.6.tgz",
      "integrity": "sha512-2VDso2a22jWPpqwuWT/4RomVpoU3Bl9qF9D01xzwlNp5UVsImeA0gY4nSpF44vqcQtQOtkiMUV9EZkAJSRxBsg==",
      "engines": {
        "node": ">=10"
      }
    },
    "node_modules/mousetrap": {
      "version": "1.6.5",
      "resolved": "https://registry.npmjs.org/mousetrap/-/mousetrap-1.6.5.tgz",
      "integrity": "sha512-QNo4kEepaIBwiT8CDhP98umTetp+JNfQYBWvC1pc6/OAibuXtRcxZ58Qz8skvEHYvURne/7R8T5VoOI7rDsEUA=="
    },
    "node_modules/text-field-edit": {
      "version": "3.1.0",
      "resolved": "https://registry.npmjs.org/text-field-edit/-/text-field-edit-3.1.0.tgz",
      "integrity": "sha512-4mVLiSRR5/p0Zhdl8QkjkUeYUDMSQSYdKsEgR6uOySjcc6QB/O2hzuUlxepL2kQQL0NrpYiI6Ywj6TZULYI9/w=="
    },
    "node_modules/tippy.js": {
      "version": "6.3.1",
      "resolved": "https://registry.npmjs.org/tippy.js/-/tippy.js-6.3.1.tgz",
      "integrity": "sha512-JnFncCq+rF1dTURupoJ4yPie5Cof978inW6/4S6kmWV7LL9YOSEVMifED3KdrVPEG+Z/TFH2CDNJcQEfaeuQww==",
      "dependencies": {
        "@popperjs/core": "^2.8.3"
      }
    }
  },
  "dependencies": {
    "@ibm/plex": {
      "version": "5.1.3",
      "resolved": "https://registry.npmjs.org/@ibm/plex/-/plex-5.1.3.tgz",
      "integrity": "sha512-Wgful5xAKIzUFngMyEnZ6nc7IKMyKMRVk4qCIAgjRCI76w1uCGGgImWSEunay+j5mPrEWQKwz1ht8Xk6rcumEw=="
    },
    "@popperjs/core": {
      "version": "2.9.2",
      "resolved": "https://registry.npmjs.org/@popperjs/core/-/core-2.9.2.tgz",
      "integrity": "sha512-VZMYa7+fXHdwIq1TDhSXoVmSPEGM/aa+6Aiq3nVVJ9bXr24zScr+NlKFKC3iPljA7ho/GAZr+d2jOf5GIRC30Q=="
    },
    "bootstrap-icons": {
      "version": "1.5.0",
      "resolved": "https://registry.npmjs.org/bootstrap-icons/-/bootstrap-icons-1.5.0.tgz",
      "integrity": "sha512-44feMc7DE1Ccpsas/1wioN8ewFJNquvi5FewA06wLnqct7CwMdGDVy41ieHaacogzDqLfG8nADIvMNp9e4bfbA=="
    },
    "commander": {
      "version": "2.20.3",
      "resolved": "https://registry.npmjs.org/commander/-/commander-2.20.3.tgz",
      "integrity": "sha512-GpVkmM8vF2vQUkj2LvZmD35JxeJOLCwJ9cUkugyk2nuhbv3+mJvpLYYt+0+USMxE+oj+ey/lJEnhZw75x/OMcQ=="
    },
    "fit-textarea": {
      "version": "3.0.0",
      "resolved": "https://registry.npmjs.org/fit-textarea/-/fit-textarea-3.0.0.tgz",
      "integrity": "sha512-27CNxgJ0bL+ATJbLZuOjtUGfAiwa99kT6omFscYTQ9P/u6Lawekkws6lylTu32VgzkQTnTEXbu+bRaHtwoN02Q=="
    },
    "katex": {
      "version": "0.12.0",
      "resolved": "https://registry.npmjs.org/katex/-/katex-0.12.0.tgz",
      "integrity": "sha512-y+8btoc/CK70XqcHqjxiGWBOeIL8upbS0peTPXTvgrh21n1RiWWcIpSWM+4uXq+IAgNh9YYQWdc7LVDPDAEEAg==",
      "requires": {
        "commander": "^2.19.0"
      }
    },
    "micromodal": {
      "version": "0.4.6",
      "resolved": "https://registry.npmjs.org/micromodal/-/micromodal-0.4.6.tgz",
      "integrity": "sha512-2VDso2a22jWPpqwuWT/4RomVpoU3Bl9qF9D01xzwlNp5UVsImeA0gY4nSpF44vqcQtQOtkiMUV9EZkAJSRxBsg=="
    },
    "mousetrap": {
      "version": "1.6.5",
      "resolved": "https://registry.npmjs.org/mousetrap/-/mousetrap-1.6.5.tgz",
      "integrity": "sha512-QNo4kEepaIBwiT8CDhP98umTetp+JNfQYBWvC1pc6/OAibuXtRcxZ58Qz8skvEHYvURne/7R8T5VoOI7rDsEUA=="
    },
    "text-field-edit": {
      "version": "3.1.0",
      "resolved": "https://registry.npmjs.org/text-field-edit/-/text-field-edit-3.1.0.tgz",
      "integrity": "sha512-4mVLiSRR5/p0Zhdl8QkjkUeYUDMSQSYdKsEgR6uOySjcc6QB/O2hzuUlxepL2kQQL0NrpYiI6Ywj6TZULYI9/w=="
    },
    "tippy.js": {
      "version": "6.3.1",
      "resolved": "https://registry.npmjs.org/tippy.js/-/tippy.js-6.3.1.tgz",
      "integrity": "sha512-JnFncCq+rF1dTURupoJ4yPie5Cof978inW6/4S6kmWV7LL9YOSEVMifED3KdrVPEG+Z/TFH2CDNJcQEfaeuQww==",
      "requires": {
        "@popperjs/core": "^2.8.3"
      }
    }
  }
}
