{
  "name": "public",
  "lockfileVersion": 2,
  "requires": true,
  "packages": {
    "": {
      "dependencies": {
        "@ibm/plex": "^5.1.3",
        "email-addresses": "^4.0.0",
        "katex": "^0.12.0",
        "typeface-public-sans": "^1.1.13",
        "typeface-roboto-mono": "^1.1.13"
      }
    },
    "node_modules/@ibm/plex": {
      "version": "5.1.3",
      "resolved": "https://registry.npmjs.org/@ibm/plex/-/plex-5.1.3.tgz",
      "integrity": "sha512-Wgful5xAKIzUFngMyEnZ6nc7IKMyKMRVk4qCIAgjRCI76w1uCGGgImWSEunay+j5mPrEWQKwz1ht8Xk6rcumEw=="
    },
    "node_modules/commander": {
      "version": "2.20.3",
      "resolved": "https://registry.npmjs.org/commander/-/commander-2.20.3.tgz",
      "integrity": "sha512-GpVkmM8vF2vQUkj2LvZmD35JxeJOLCwJ9cUkugyk2nuhbv3+mJvpLYYt+0+USMxE+oj+ey/lJEnhZw75x/OMcQ=="
    },
    "node_modules/email-addresses": {
      "version": "4.0.0",
      "resolved": "https://registry.npmjs.org/email-addresses/-/email-addresses-4.0.0.tgz",
      "integrity": "sha512-Nas3sSSiD5lSIoqBos0FMjB9h4clHxXuAahHKGJ5doRWavEB7pBHzOxnI7R5f1MuGNrrSnsZFJ81HCBv0DZmnw=="
    },
    "node_modules/katex": {
      "version": "0.12.0",
      "resolved": "https://registry.npmjs.org/katex/-/katex-0.12.0.tgz",
      "integrity": "sha512-y+8btoc/CK70XqcHqjxiGWBOeIL8upbS0peTPXTvgrh21n1RiWWcIpSWM+4uXq+IAgNh9YYQWdc7LVDPDAEEAg==",
      "dependencies": {
        "commander": "^2.19.0"
      },
      "bin": {
        "katex": "cli.js"
      }
    },
    "node_modules/typeface-public-sans": {
      "version": "1.1.13",
      "resolved": "https://registry.npmjs.org/typeface-public-sans/-/typeface-public-sans-1.1.13.tgz",
      "integrity": "sha512-cBrpPUvIeaYIacxtxPeCpKM7vAJb27+8E9HAT7R3ZA2zrj9ntm630tpSgBCn/Ip6D11pWSmKVR4eZ8Pr1Yxnog=="
    },
    "node_modules/typeface-roboto-mono": {
      "version": "1.1.13",
      "resolved": "https://registry.npmjs.org/typeface-roboto-mono/-/typeface-roboto-mono-1.1.13.tgz",
      "integrity": "sha512-pnzDc70b7ywJHin/BUFL7HZX8DyOTBLT2qxlJ92eH1UJOFcENIBXa9IZrxsJX/gEKjbEDKhW5vz/TKRBNk/ufQ=="
    }
  },
  "dependencies": {
    "@ibm/plex": {
      "version": "5.1.3",
      "resolved": "https://registry.npmjs.org/@ibm/plex/-/plex-5.1.3.tgz",
      "integrity": "sha512-Wgful5xAKIzUFngMyEnZ6nc7IKMyKMRVk4qCIAgjRCI76w1uCGGgImWSEunay+j5mPrEWQKwz1ht8Xk6rcumEw=="
    },
    "commander": {
      "version": "2.20.3",
      "resolved": "https://registry.npmjs.org/commander/-/commander-2.20.3.tgz",
      "integrity": "sha512-GpVkmM8vF2vQUkj2LvZmD35JxeJOLCwJ9cUkugyk2nuhbv3+mJvpLYYt+0+USMxE+oj+ey/lJEnhZw75x/OMcQ=="
    },
    "email-addresses": {
      "version": "4.0.0",
      "resolved": "https://registry.npmjs.org/email-addresses/-/email-addresses-4.0.0.tgz",
      "integrity": "sha512-Nas3sSSiD5lSIoqBos0FMjB9h4clHxXuAahHKGJ5doRWavEB7pBHzOxnI7R5f1MuGNrrSnsZFJ81HCBv0DZmnw=="
    },
    "katex": {
      "version": "0.12.0",
      "resolved": "https://registry.npmjs.org/katex/-/katex-0.12.0.tgz",
      "integrity": "sha512-y+8btoc/CK70XqcHqjxiGWBOeIL8upbS0peTPXTvgrh21n1RiWWcIpSWM+4uXq+IAgNh9YYQWdc7LVDPDAEEAg==",
      "requires": {
        "commander": "^2.19.0"
      }
    },
    "typeface-public-sans": {
      "version": "1.1.13",
      "resolved": "https://registry.npmjs.org/typeface-public-sans/-/typeface-public-sans-1.1.13.tgz",
      "integrity": "sha512-cBrpPUvIeaYIacxtxPeCpKM7vAJb27+8E9HAT7R3ZA2zrj9ntm630tpSgBCn/Ip6D11pWSmKVR4eZ8Pr1Yxnog=="
    },
    "typeface-roboto-mono": {
      "version": "1.1.13",
      "resolved": "https://registry.npmjs.org/typeface-roboto-mono/-/typeface-roboto-mono-1.1.13.tgz",
      "integrity": "sha512-pnzDc70b7ywJHin/BUFL7HZX8DyOTBLT2qxlJ92eH1UJOFcENIBXa9IZrxsJX/gEKjbEDKhW5vz/TKRBNk/ufQ=="
    }
  }
}
