{
  "name": "static",
  "lockfileVersion": 2,
  "requires": true,
  "packages": {
    "": {
      "dependencies": {
        "@fontsource/jetbrains-mono": "^4.5.0",
        "@fontsource/public-sans": "^4.5.0",
        "@leafac/javascript": "^0.2.1",
        "autosize": "^5.0.1",
        "bootstrap-icons": "^1.7.2",
        "fake-avatars": "^1.0.0",
        "katex": "^0.15.2",
        "morphdom": "^2.6.1",
        "mousetrap": "^1.6.5",
        "scroll-into-view-if-needed": "^2.2.28",
        "text-field-edit": "^3.1.2022",
        "textarea-caret": "^3.1.0",
        "tippy.js": "^6.3.7"
      }
    },
    "node_modules/@fontsource/jetbrains-mono": {
      "version": "4.5.0",
      "resolved": "https://registry.npmjs.org/@fontsource/jetbrains-mono/-/jetbrains-mono-4.5.0.tgz",
      "integrity": "sha512-gxUlpdCLoIrEQ6+1hkPbFHuQz8E5bPZ/iERU+13zEKb8rD/h21v3uHuAT7dTD+Co9nbSlgk6fyVkFwF5edUMog=="
    },
    "node_modules/@fontsource/public-sans": {
      "version": "4.5.0",
      "resolved": "https://registry.npmjs.org/@fontsource/public-sans/-/public-sans-4.5.0.tgz",
      "integrity": "sha512-fSVbcSGKDIZKRuu1Vd1Ky8RFZdMDsIWXqTAKJT2qgXTuNhb+4EjlQQWTfjB5QlFN+fMpMzvXWOQJrIYb0DtCsA=="
    },
    "node_modules/@leafac/html": {
      "version": "3.0.0",
      "resolved": "https://registry.npmjs.org/@leafac/html/-/html-3.0.0.tgz",
      "integrity": "sha512-gMrjIXkb5AWSFCC9Yvv0Z4Dk0QbjcYsGRoB3nM24vDCfHZdBVKPwWk8tvlgmPRmHYRbqX24JSROnFn+M1o6/iQ==",
      "dependencies": {
        "he": "^1.2.0",
        "sanitize-xml-string": "^1.1.0"
      }
    },
    "node_modules/@leafac/javascript": {
      "version": "0.2.1",
      "resolved": "https://registry.npmjs.org/@leafac/javascript/-/javascript-0.2.1.tgz",
      "integrity": "sha512-DsFzl3+qb+1tVDpHqEETVy7Y53BKPgCnW5Z4N26PgOo3cvVkM0WVy6hdXopjShKocK93T+oDK5fWZ7uepYSdCA==",
      "dependencies": {
        "@leafac/html": "^3.0.0",
        "tagged-template-noop": "^2.1.1"
      }
    },
    "node_modules/@popperjs/core": {
      "version": "2.10.1",
      "resolved": "https://registry.npmjs.org/@popperjs/core/-/core-2.10.1.tgz",
      "integrity": "sha512-HnUhk1Sy9IuKrxEMdIRCxpIqPw6BFsbYSEUO9p/hNw5sMld/+3OLMWQP80F8/db9qsv3qUjs7ZR5bS/R+iinXw==",
      "funding": {
        "type": "opencollective",
        "url": "https://opencollective.com/popperjs"
      }
    },
    "node_modules/autosize": {
      "version": "5.0.1",
      "resolved": "https://registry.npmjs.org/autosize/-/autosize-5.0.1.tgz",
      "integrity": "sha512-UIWUlE4TOVPNNj2jjrU39wI4hEYbneUypEqcyRmRFIx5CC2gNdg3rQr+Zh7/3h6egbBvm33TDQjNQKtj9Tk1HA=="
    },
    "node_modules/bootstrap-icons": {
      "version": "1.7.2",
      "resolved": "https://registry.npmjs.org/bootstrap-icons/-/bootstrap-icons-1.7.2.tgz",
      "integrity": "sha512-NiR2PqC73AQOPdVSu6GJfnk+hN2z6powcistXk1JgPnKuoV2FSdSl26w931Oz9HYbKCcKUSB6ncZTYJAYJl3QQ==",
      "engines": {
        "node": ">=10"
      }
    },
    "node_modules/commander": {
      "version": "8.3.0",
      "resolved": "https://registry.npmjs.org/commander/-/commander-8.3.0.tgz",
      "integrity": "sha512-OkTL9umf+He2DZkUq8f8J9of7yL6RJKI24dVITBmNfZBmri9zYZQrKkuXiKhyfPSu8tUhnVBB1iKXevvnlR4Ww==",
      "engines": {
        "node": ">= 12"
      }
    },
    "node_modules/compute-scroll-into-view": {
      "version": "1.0.17",
      "resolved": "https://registry.npmjs.org/compute-scroll-into-view/-/compute-scroll-into-view-1.0.17.tgz",
      "integrity": "sha512-j4dx+Fb0URmzbwwMUrhqWM2BEWHdFGx+qZ9qqASHRPqvTYdqvWnHg0H1hIbcyLnvgnoNAVMlwkepyqM3DaIFUg=="
    },
    "node_modules/fake-avatars": {
      "version": "1.0.0",
      "resolved": "https://registry.npmjs.org/fake-avatars/-/fake-avatars-1.0.0.tgz",
      "integrity": "sha512-GfzrxtFLJgjN2mdTYysjTdAd8iR++cNRNczbrkzJctle8306LNLCobd9NnpdYUFuJPucft547BRfbHwLy64WAQ=="
    },
    "node_modules/he": {
      "version": "1.2.0",
      "resolved": "https://registry.npmjs.org/he/-/he-1.2.0.tgz",
      "integrity": "sha512-F/1DnUGPopORZi0ni+CvrCgHQ5FyEAHRLSApuYWMmrbSwoN2Mn/7k+Gl38gJnR7yyDZk6WLXwiGod1JOWNDKGw==",
      "bin": {
        "he": "bin/he"
      }
    },
    "node_modules/katex": {
      "version": "0.15.2",
      "resolved": "https://registry.npmjs.org/katex/-/katex-0.15.2.tgz",
      "integrity": "sha512-FfZ/f6f8bQdLmJ3McXDNTkKenQkoXkItpW0I9bsG2wgb+8JAY5bwpXFtI8ZVrg5hc1wo1X/UIhdkVMpok46tEQ==",
      "funding": [
        "https://opencollective.com/katex",
        "https://github.com/sponsors/katex"
      ],
      "dependencies": {
        "commander": "^8.0.0"
      },
      "bin": {
        "katex": "cli.js"
      }
    },
    "node_modules/morphdom": {
      "version": "2.6.1",
      "resolved": "https://registry.npmjs.org/morphdom/-/morphdom-2.6.1.tgz",
      "integrity": "sha512-Y8YRbAEP3eKykroIBWrjcfMw7mmwJfjhqdpSvoqinu8Y702nAwikpXcNFDiIkyvfCLxLM9Wu95RZqo4a9jFBaA=="
    },
    "node_modules/mousetrap": {
      "version": "1.6.5",
      "resolved": "https://registry.npmjs.org/mousetrap/-/mousetrap-1.6.5.tgz",
      "integrity": "sha512-QNo4kEepaIBwiT8CDhP98umTetp+JNfQYBWvC1pc6/OAibuXtRcxZ58Qz8skvEHYvURne/7R8T5VoOI7rDsEUA=="
    },
    "node_modules/sanitize-xml-string": {
      "version": "1.1.0",
      "resolved": "https://registry.npmjs.org/sanitize-xml-string/-/sanitize-xml-string-1.1.0.tgz",
      "integrity": "sha512-RzX25K64YtZm9FvdZr/Ac7Eeq0va1YX0xmpOkjWoREhgKXXldrJRVJhBel83nS8omIcaKcNTdLY8XzOIK920HA==",
      "engines": {
        "node": ">=7.0.0"
      }
    },
    "node_modules/scroll-into-view-if-needed": {
      "version": "2.2.28",
      "resolved": "https://registry.npmjs.org/scroll-into-view-if-needed/-/scroll-into-view-if-needed-2.2.28.tgz",
      "integrity": "sha512-8LuxJSuFVc92+0AdNv4QOxRL4Abeo1DgLnGNkn1XlaujPH/3cCFz3QI60r2VNu4obJJROzgnIUw5TKQkZvZI1w==",
      "dependencies": {
        "compute-scroll-into-view": "^1.0.17"
      }
    },
    "node_modules/tagged-template-noop": {
      "version": "2.1.1",
      "resolved": "https://registry.npmjs.org/tagged-template-noop/-/tagged-template-noop-2.1.1.tgz",
      "integrity": "sha512-diZ004cBHKVueqSr5p+/EPZhofCBRW7w7zZL71FcK8x+209BbMw77ICrP9AWXpVjPyyyIqRYYFAM4Wjk2HNWQg==",
      "engines": {
        "node": ">=6"
      }
    },
    "node_modules/text-field-edit": {
      "version": "3.1.2022",
      "resolved": "https://registry.npmjs.org/text-field-edit/-/text-field-edit-3.1.2022.tgz",
      "integrity": "sha512-F1S4Uwwq3VBANpGPDiovTrVM8aLBndh1kx3nXeV6jcAA033Xo3OzI9BgBsbsbwuJ2A/GtMNuN1R0Sr/e1Q8zDw==",
      "funding": {
        "url": "https://github.com/sponsors/fregante"
      }
    },
    "node_modules/textarea-caret": {
      "version": "3.1.0",
      "resolved": "https://registry.npmjs.org/textarea-caret/-/textarea-caret-3.1.0.tgz",
      "integrity": "sha512-cXAvzO9pP5CGa6NKx0WYHl+8CHKZs8byMkt3PCJBCmq2a34YA9pO1NrQET5pzeqnBjBdToF5No4rrmkDUgQC2Q=="
    },
    "node_modules/tippy.js": {
      "version": "6.3.7",
      "resolved": "https://registry.npmjs.org/tippy.js/-/tippy.js-6.3.7.tgz",
      "integrity": "sha512-E1d3oP2emgJ9dRQZdf3Kkn0qJgI6ZLpyS5z6ZkY1DF3kaQaBsGZsndEpHwx+eC+tYM41HaSNvNtLx8tU57FzTQ==",
      "dependencies": {
        "@popperjs/core": "^2.9.0"
      }
    }
  },
  "dependencies": {
    "@fontsource/jetbrains-mono": {
      "version": "4.5.0",
      "resolved": "https://registry.npmjs.org/@fontsource/jetbrains-mono/-/jetbrains-mono-4.5.0.tgz",
      "integrity": "sha512-gxUlpdCLoIrEQ6+1hkPbFHuQz8E5bPZ/iERU+13zEKb8rD/h21v3uHuAT7dTD+Co9nbSlgk6fyVkFwF5edUMog=="
    },
    "@fontsource/public-sans": {
      "version": "4.5.0",
      "resolved": "https://registry.npmjs.org/@fontsource/public-sans/-/public-sans-4.5.0.tgz",
      "integrity": "sha512-fSVbcSGKDIZKRuu1Vd1Ky8RFZdMDsIWXqTAKJT2qgXTuNhb+4EjlQQWTfjB5QlFN+fMpMzvXWOQJrIYb0DtCsA=="
    },
    "@leafac/html": {
      "version": "3.0.0",
      "resolved": "https://registry.npmjs.org/@leafac/html/-/html-3.0.0.tgz",
      "integrity": "sha512-gMrjIXkb5AWSFCC9Yvv0Z4Dk0QbjcYsGRoB3nM24vDCfHZdBVKPwWk8tvlgmPRmHYRbqX24JSROnFn+M1o6/iQ==",
      "requires": {
        "he": "^1.2.0",
        "sanitize-xml-string": "^1.1.0"
      }
    },
    "@leafac/javascript": {
      "version": "0.2.1",
      "resolved": "https://registry.npmjs.org/@leafac/javascript/-/javascript-0.2.1.tgz",
      "integrity": "sha512-DsFzl3+qb+1tVDpHqEETVy7Y53BKPgCnW5Z4N26PgOo3cvVkM0WVy6hdXopjShKocK93T+oDK5fWZ7uepYSdCA==",
      "requires": {
        "@leafac/html": "^3.0.0",
        "tagged-template-noop": "^2.1.1"
      }
    },
    "@popperjs/core": {
      "version": "2.10.1",
      "resolved": "https://registry.npmjs.org/@popperjs/core/-/core-2.10.1.tgz",
      "integrity": "sha512-HnUhk1Sy9IuKrxEMdIRCxpIqPw6BFsbYSEUO9p/hNw5sMld/+3OLMWQP80F8/db9qsv3qUjs7ZR5bS/R+iinXw=="
    },
    "autosize": {
      "version": "5.0.1",
      "resolved": "https://registry.npmjs.org/autosize/-/autosize-5.0.1.tgz",
      "integrity": "sha512-UIWUlE4TOVPNNj2jjrU39wI4hEYbneUypEqcyRmRFIx5CC2gNdg3rQr+Zh7/3h6egbBvm33TDQjNQKtj9Tk1HA=="
    },
    "bootstrap-icons": {
      "version": "1.7.2",
      "resolved": "https://registry.npmjs.org/bootstrap-icons/-/bootstrap-icons-1.7.2.tgz",
      "integrity": "sha512-NiR2PqC73AQOPdVSu6GJfnk+hN2z6powcistXk1JgPnKuoV2FSdSl26w931Oz9HYbKCcKUSB6ncZTYJAYJl3QQ=="
    },
    "commander": {
      "version": "8.3.0",
      "resolved": "https://registry.npmjs.org/commander/-/commander-8.3.0.tgz",
      "integrity": "sha512-OkTL9umf+He2DZkUq8f8J9of7yL6RJKI24dVITBmNfZBmri9zYZQrKkuXiKhyfPSu8tUhnVBB1iKXevvnlR4Ww=="
    },
    "compute-scroll-into-view": {
      "version": "1.0.17",
      "resolved": "https://registry.npmjs.org/compute-scroll-into-view/-/compute-scroll-into-view-1.0.17.tgz",
      "integrity": "sha512-j4dx+Fb0URmzbwwMUrhqWM2BEWHdFGx+qZ9qqASHRPqvTYdqvWnHg0H1hIbcyLnvgnoNAVMlwkepyqM3DaIFUg=="
    },
    "fake-avatars": {
      "version": "1.0.0",
      "resolved": "https://registry.npmjs.org/fake-avatars/-/fake-avatars-1.0.0.tgz",
      "integrity": "sha512-GfzrxtFLJgjN2mdTYysjTdAd8iR++cNRNczbrkzJctle8306LNLCobd9NnpdYUFuJPucft547BRfbHwLy64WAQ=="
    },
    "he": {
      "version": "1.2.0",
      "resolved": "https://registry.npmjs.org/he/-/he-1.2.0.tgz",
      "integrity": "sha512-F/1DnUGPopORZi0ni+CvrCgHQ5FyEAHRLSApuYWMmrbSwoN2Mn/7k+Gl38gJnR7yyDZk6WLXwiGod1JOWNDKGw=="
    },
    "katex": {
      "version": "0.15.2",
      "resolved": "https://registry.npmjs.org/katex/-/katex-0.15.2.tgz",
      "integrity": "sha512-FfZ/f6f8bQdLmJ3McXDNTkKenQkoXkItpW0I9bsG2wgb+8JAY5bwpXFtI8ZVrg5hc1wo1X/UIhdkVMpok46tEQ==",
      "requires": {
        "commander": "^8.0.0"
      }
    },
    "morphdom": {
      "version": "2.6.1",
      "resolved": "https://registry.npmjs.org/morphdom/-/morphdom-2.6.1.tgz",
      "integrity": "sha512-Y8YRbAEP3eKykroIBWrjcfMw7mmwJfjhqdpSvoqinu8Y702nAwikpXcNFDiIkyvfCLxLM9Wu95RZqo4a9jFBaA=="
    },
    "mousetrap": {
      "version": "1.6.5",
      "resolved": "https://registry.npmjs.org/mousetrap/-/mousetrap-1.6.5.tgz",
      "integrity": "sha512-QNo4kEepaIBwiT8CDhP98umTetp+JNfQYBWvC1pc6/OAibuXtRcxZ58Qz8skvEHYvURne/7R8T5VoOI7rDsEUA=="
    },
    "sanitize-xml-string": {
      "version": "1.1.0",
      "resolved": "https://registry.npmjs.org/sanitize-xml-string/-/sanitize-xml-string-1.1.0.tgz",
      "integrity": "sha512-RzX25K64YtZm9FvdZr/Ac7Eeq0va1YX0xmpOkjWoREhgKXXldrJRVJhBel83nS8omIcaKcNTdLY8XzOIK920HA=="
    },
    "scroll-into-view-if-needed": {
      "version": "2.2.28",
      "resolved": "https://registry.npmjs.org/scroll-into-view-if-needed/-/scroll-into-view-if-needed-2.2.28.tgz",
      "integrity": "sha512-8LuxJSuFVc92+0AdNv4QOxRL4Abeo1DgLnGNkn1XlaujPH/3cCFz3QI60r2VNu4obJJROzgnIUw5TKQkZvZI1w==",
      "requires": {
        "compute-scroll-into-view": "^1.0.17"
      }
    },
    "tagged-template-noop": {
      "version": "2.1.1",
      "resolved": "https://registry.npmjs.org/tagged-template-noop/-/tagged-template-noop-2.1.1.tgz",
      "integrity": "sha512-diZ004cBHKVueqSr5p+/EPZhofCBRW7w7zZL71FcK8x+209BbMw77ICrP9AWXpVjPyyyIqRYYFAM4Wjk2HNWQg=="
    },
    "text-field-edit": {
      "version": "3.1.2022",
      "resolved": "https://registry.npmjs.org/text-field-edit/-/text-field-edit-3.1.2022.tgz",
      "integrity": "sha512-F1S4Uwwq3VBANpGPDiovTrVM8aLBndh1kx3nXeV6jcAA033Xo3OzI9BgBsbsbwuJ2A/GtMNuN1R0Sr/e1Q8zDw=="
    },
    "textarea-caret": {
      "version": "3.1.0",
      "resolved": "https://registry.npmjs.org/textarea-caret/-/textarea-caret-3.1.0.tgz",
      "integrity": "sha512-cXAvzO9pP5CGa6NKx0WYHl+8CHKZs8byMkt3PCJBCmq2a34YA9pO1NrQET5pzeqnBjBdToF5No4rrmkDUgQC2Q=="
    },
    "tippy.js": {
      "version": "6.3.7",
      "resolved": "https://registry.npmjs.org/tippy.js/-/tippy.js-6.3.7.tgz",
      "integrity": "sha512-E1d3oP2emgJ9dRQZdf3Kkn0qJgI6ZLpyS5z6ZkY1DF3kaQaBsGZsndEpHwx+eC+tYM41HaSNvNtLx8tU57FzTQ==",
      "requires": {
        "@popperjs/core": "^2.9.0"
      }
    }
  }
}
