{
  "name": "static",
  "lockfileVersion": 2,
  "requires": true,
  "packages": {
    "": {
      "dependencies": {
        "@fontsource/jetbrains-mono": "^4.5.3",
        "@fontsource/public-sans": "^4.5.3",
        "autosize": "^5.0.1",
        "bootstrap-icons": "^1.8.1",
        "fake-avatars": "^1.0.0",
        "katex": "^0.15.2",
        "morphdom": "^2.6.1",
        "mousetrap": "^1.6.5",
        "scroll-into-view-if-needed": "^2.2.29",
        "text-field-edit": "^3.1.2022",
        "textarea-caret": "^3.1.0",
        "tippy.js": "^6.3.7"
      }
    },
    "node_modules/@fontsource/jetbrains-mono": {
      "version": "4.5.3",
      "resolved": "https://registry.npmjs.org/@fontsource/jetbrains-mono/-/jetbrains-mono-4.5.3.tgz",
      "integrity": "sha512-R+dpCzt9b7O6ldKFXLvjZNQ2F+5i2/ctRgauRGvEj/3zBQVmnrjPeqPndYsZ1vz6Jg0K8TOS9JeMQavjoBHPwA=="
    },
    "node_modules/@fontsource/public-sans": {
      "version": "4.5.3",
      "resolved": "https://registry.npmjs.org/@fontsource/public-sans/-/public-sans-4.5.3.tgz",
      "integrity": "sha512-/3PC3AhNyHNfGt0iFVZ7NrwFOlbKLgD/ZH4k/ERkNCymxbJX5zF9OzYwsrfjbTmvh9Mkhlq2ZGU9XwBY7GsSDg=="
    },
    "node_modules/@popperjs/core": {
      "version": "2.11.2",
      "resolved": "https://registry.npmjs.org/@popperjs/core/-/core-2.11.2.tgz",
      "integrity": "sha512-92FRmppjjqz29VMJ2dn+xdyXZBrMlE42AV6Kq6BwjWV7CNUW1hs2FtxSNLQE+gJhaZ6AAmYuO9y8dshhcBl7vA==",
      "funding": {
        "type": "opencollective",
        "url": "https://opencollective.com/popperjs"
      }
    },
    "node_modules/autosize": {
      "version": "5.0.1",
      "resolved": "https://registry.npmjs.org/autosize/-/autosize-5.0.1.tgz",
      "integrity": "sha512-UIWUlE4TOVPNNj2jjrU39wI4hEYbneUypEqcyRmRFIx5CC2gNdg3rQr+Zh7/3h6egbBvm33TDQjNQKtj9Tk1HA=="
    },
    "node_modules/bootstrap-icons": {
      "version": "1.8.1",
      "resolved": "https://registry.npmjs.org/bootstrap-icons/-/bootstrap-icons-1.8.1.tgz",
      "integrity": "sha512-IXUqislddPJfwq6H+2nTkHyr9epO9h6u1AG0OZCx616w+TgzeoCjfmI3qJMQqt1J586gN2IxzB4M99Ip4sTZ1w==",
      "engines": {
        "node": ">=10"
      }
    },
    "node_modules/commander": {
      "version": "8.3.0",
      "resolved": "https://registry.npmjs.org/commander/-/commander-8.3.0.tgz",
      "integrity": "sha512-OkTL9umf+He2DZkUq8f8J9of7yL6RJKI24dVITBmNfZBmri9zYZQrKkuXiKhyfPSu8tUhnVBB1iKXevvnlR4Ww==",
      "engines": {
        "node": ">= 12"
      }
    },
    "node_modules/compute-scroll-into-view": {
      "version": "1.0.17",
      "resolved": "https://registry.npmjs.org/compute-scroll-into-view/-/compute-scroll-into-view-1.0.17.tgz",
      "integrity": "sha512-j4dx+Fb0URmzbwwMUrhqWM2BEWHdFGx+qZ9qqASHRPqvTYdqvWnHg0H1hIbcyLnvgnoNAVMlwkepyqM3DaIFUg=="
    },
    "node_modules/fake-avatars": {
      "version": "1.0.0",
      "resolved": "https://registry.npmjs.org/fake-avatars/-/fake-avatars-1.0.0.tgz",
      "integrity": "sha512-GfzrxtFLJgjN2mdTYysjTdAd8iR++cNRNczbrkzJctle8306LNLCobd9NnpdYUFuJPucft547BRfbHwLy64WAQ=="
    },
    "node_modules/katex": {
      "version": "0.15.2",
      "resolved": "https://registry.npmjs.org/katex/-/katex-0.15.2.tgz",
      "integrity": "sha512-FfZ/f6f8bQdLmJ3McXDNTkKenQkoXkItpW0I9bsG2wgb+8JAY5bwpXFtI8ZVrg5hc1wo1X/UIhdkVMpok46tEQ==",
      "funding": [
        "https://opencollective.com/katex",
        "https://github.com/sponsors/katex"
      ],
      "dependencies": {
        "commander": "^8.0.0"
      },
      "bin": {
        "katex": "cli.js"
      }
    },
    "node_modules/morphdom": {
      "version": "2.6.1",
      "resolved": "https://registry.npmjs.org/morphdom/-/morphdom-2.6.1.tgz",
      "integrity": "sha512-Y8YRbAEP3eKykroIBWrjcfMw7mmwJfjhqdpSvoqinu8Y702nAwikpXcNFDiIkyvfCLxLM9Wu95RZqo4a9jFBaA=="
    },
    "node_modules/mousetrap": {
      "version": "1.6.5",
      "resolved": "https://registry.npmjs.org/mousetrap/-/mousetrap-1.6.5.tgz",
      "integrity": "sha512-QNo4kEepaIBwiT8CDhP98umTetp+JNfQYBWvC1pc6/OAibuXtRcxZ58Qz8skvEHYvURne/7R8T5VoOI7rDsEUA=="
    },
    "node_modules/scroll-into-view-if-needed": {
      "version": "2.2.29",
      "resolved": "https://registry.npmjs.org/scroll-into-view-if-needed/-/scroll-into-view-if-needed-2.2.29.tgz",
      "integrity": "sha512-hxpAR6AN+Gh53AdAimHM6C8oTN1ppwVZITihix+WqalywBeFcQ6LdQP5ABNl26nX8GTEL7VT+b8lKpdqq65wXg==",
      "dependencies": {
        "compute-scroll-into-view": "^1.0.17"
      }
    },
    "node_modules/text-field-edit": {
      "version": "3.1.2022",
      "resolved": "https://registry.npmjs.org/text-field-edit/-/text-field-edit-3.1.2022.tgz",
      "integrity": "sha512-F1S4Uwwq3VBANpGPDiovTrVM8aLBndh1kx3nXeV6jcAA033Xo3OzI9BgBsbsbwuJ2A/GtMNuN1R0Sr/e1Q8zDw==",
      "funding": {
        "url": "https://github.com/sponsors/fregante"
      }
    },
    "node_modules/textarea-caret": {
      "version": "3.1.0",
      "resolved": "https://registry.npmjs.org/textarea-caret/-/textarea-caret-3.1.0.tgz",
      "integrity": "sha512-cXAvzO9pP5CGa6NKx0WYHl+8CHKZs8byMkt3PCJBCmq2a34YA9pO1NrQET5pzeqnBjBdToF5No4rrmkDUgQC2Q=="
    },
    "node_modules/tippy.js": {
      "version": "6.3.7",
      "resolved": "https://registry.npmjs.org/tippy.js/-/tippy.js-6.3.7.tgz",
      "integrity": "sha512-E1d3oP2emgJ9dRQZdf3Kkn0qJgI6ZLpyS5z6ZkY1DF3kaQaBsGZsndEpHwx+eC+tYM41HaSNvNtLx8tU57FzTQ==",
      "dependencies": {
        "@popperjs/core": "^2.9.0"
      }
    }
  },
  "dependencies": {
    "@fontsource/jetbrains-mono": {
      "version": "4.5.3",
      "resolved": "https://registry.npmjs.org/@fontsource/jetbrains-mono/-/jetbrains-mono-4.5.3.tgz",
      "integrity": "sha512-R+dpCzt9b7O6ldKFXLvjZNQ2F+5i2/ctRgauRGvEj/3zBQVmnrjPeqPndYsZ1vz6Jg0K8TOS9JeMQavjoBHPwA=="
    },
    "@fontsource/public-sans": {
      "version": "4.5.3",
      "resolved": "https://registry.npmjs.org/@fontsource/public-sans/-/public-sans-4.5.3.tgz",
      "integrity": "sha512-/3PC3AhNyHNfGt0iFVZ7NrwFOlbKLgD/ZH4k/ERkNCymxbJX5zF9OzYwsrfjbTmvh9Mkhlq2ZGU9XwBY7GsSDg=="
    },
    "@popperjs/core": {
      "version": "2.11.2",
      "resolved": "https://registry.npmjs.org/@popperjs/core/-/core-2.11.2.tgz",
      "integrity": "sha512-92FRmppjjqz29VMJ2dn+xdyXZBrMlE42AV6Kq6BwjWV7CNUW1hs2FtxSNLQE+gJhaZ6AAmYuO9y8dshhcBl7vA=="
    },
    "autosize": {
      "version": "5.0.1",
      "resolved": "https://registry.npmjs.org/autosize/-/autosize-5.0.1.tgz",
      "integrity": "sha512-UIWUlE4TOVPNNj2jjrU39wI4hEYbneUypEqcyRmRFIx5CC2gNdg3rQr+Zh7/3h6egbBvm33TDQjNQKtj9Tk1HA=="
    },
    "bootstrap-icons": {
      "version": "1.8.1",
      "resolved": "https://registry.npmjs.org/bootstrap-icons/-/bootstrap-icons-1.8.1.tgz",
      "integrity": "sha512-IXUqislddPJfwq6H+2nTkHyr9epO9h6u1AG0OZCx616w+TgzeoCjfmI3qJMQqt1J586gN2IxzB4M99Ip4sTZ1w=="
    },
    "commander": {
      "version": "8.3.0",
      "resolved": "https://registry.npmjs.org/commander/-/commander-8.3.0.tgz",
      "integrity": "sha512-OkTL9umf+He2DZkUq8f8J9of7yL6RJKI24dVITBmNfZBmri9zYZQrKkuXiKhyfPSu8tUhnVBB1iKXevvnlR4Ww=="
    },
    "compute-scroll-into-view": {
      "version": "1.0.17",
      "resolved": "https://registry.npmjs.org/compute-scroll-into-view/-/compute-scroll-into-view-1.0.17.tgz",
      "integrity": "sha512-j4dx+Fb0URmzbwwMUrhqWM2BEWHdFGx+qZ9qqASHRPqvTYdqvWnHg0H1hIbcyLnvgnoNAVMlwkepyqM3DaIFUg=="
    },
    "fake-avatars": {
      "version": "1.0.0",
      "resolved": "https://registry.npmjs.org/fake-avatars/-/fake-avatars-1.0.0.tgz",
      "integrity": "sha512-GfzrxtFLJgjN2mdTYysjTdAd8iR++cNRNczbrkzJctle8306LNLCobd9NnpdYUFuJPucft547BRfbHwLy64WAQ=="
    },
    "katex": {
      "version": "0.15.2",
      "resolved": "https://registry.npmjs.org/katex/-/katex-0.15.2.tgz",
      "integrity": "sha512-FfZ/f6f8bQdLmJ3McXDNTkKenQkoXkItpW0I9bsG2wgb+8JAY5bwpXFtI8ZVrg5hc1wo1X/UIhdkVMpok46tEQ==",
      "requires": {
        "commander": "^8.0.0"
      }
    },
    "morphdom": {
      "version": "2.6.1",
      "resolved": "https://registry.npmjs.org/morphdom/-/morphdom-2.6.1.tgz",
      "integrity": "sha512-Y8YRbAEP3eKykroIBWrjcfMw7mmwJfjhqdpSvoqinu8Y702nAwikpXcNFDiIkyvfCLxLM9Wu95RZqo4a9jFBaA=="
    },
    "mousetrap": {
      "version": "1.6.5",
      "resolved": "https://registry.npmjs.org/mousetrap/-/mousetrap-1.6.5.tgz",
      "integrity": "sha512-QNo4kEepaIBwiT8CDhP98umTetp+JNfQYBWvC1pc6/OAibuXtRcxZ58Qz8skvEHYvURne/7R8T5VoOI7rDsEUA=="
    },
    "scroll-into-view-if-needed": {
      "version": "2.2.29",
      "resolved": "https://registry.npmjs.org/scroll-into-view-if-needed/-/scroll-into-view-if-needed-2.2.29.tgz",
      "integrity": "sha512-hxpAR6AN+Gh53AdAimHM6C8oTN1ppwVZITihix+WqalywBeFcQ6LdQP5ABNl26nX8GTEL7VT+b8lKpdqq65wXg==",
      "requires": {
        "compute-scroll-into-view": "^1.0.17"
      }
    },
    "text-field-edit": {
      "version": "3.1.2022",
      "resolved": "https://registry.npmjs.org/text-field-edit/-/text-field-edit-3.1.2022.tgz",
      "integrity": "sha512-F1S4Uwwq3VBANpGPDiovTrVM8aLBndh1kx3nXeV6jcAA033Xo3OzI9BgBsbsbwuJ2A/GtMNuN1R0Sr/e1Q8zDw=="
    },
    "textarea-caret": {
      "version": "3.1.0",
      "resolved": "https://registry.npmjs.org/textarea-caret/-/textarea-caret-3.1.0.tgz",
      "integrity": "sha512-cXAvzO9pP5CGa6NKx0WYHl+8CHKZs8byMkt3PCJBCmq2a34YA9pO1NrQET5pzeqnBjBdToF5No4rrmkDUgQC2Q=="
    },
    "tippy.js": {
      "version": "6.3.7",
      "resolved": "https://registry.npmjs.org/tippy.js/-/tippy.js-6.3.7.tgz",
      "integrity": "sha512-E1d3oP2emgJ9dRQZdf3Kkn0qJgI6ZLpyS5z6ZkY1DF3kaQaBsGZsndEpHwx+eC+tYM41HaSNvNtLx8tU57FzTQ==",
      "requires": {
        "@popperjs/core": "^2.9.0"
      }
    }
  }
}
