PODS:
  - Capacitor (3.6.0):
    - CapacitorCordova
  - CapacitorBrowser (1.0.7):
    - Capacitor
  - CapacitorCordova (3.6.0)
  - CapacitorStorage (1.2.5):
    - Capacitor

DEPENDENCIES:
  - "Capacitor (from `../../node_modules/@capacitor/ios`)"
  - "CapacitorBrowser (from `../../node_modules/@capacitor/browser`)"
  - "CapacitorCordova (from `../../node_modules/@capacitor/ios`)"
  - "CapacitorStorage (from `../../node_modules/@capacitor/storage`)"

EXTERNAL SOURCES:
  Capacitor:
    :path: "../../node_modules/@capacitor/ios"
  CapacitorBrowser:
    :path: "../../node_modules/@capacitor/browser"
  CapacitorCordova:
    :path: "../../node_modules/@capacitor/ios"
  CapacitorStorage:
    :path: "../../node_modules/@capacitor/storage"

SPEC CHECKSUMS:
  Capacitor: 838de9244464702bc67e3d47e81c471b79500059
  CapacitorBrowser: b4ee622a4003e0360b2cbcbd17550b3b1f56203e
  CapacitorCordova: d4a821a58b9b14452b05c583b0e52379e45810e5
  CapacitorStorage: 63255170c2f7e9f7363b3e5e015584e6d18f2969

PODFILE CHECKSUM: dbaf94c59fad7c5d34828a12e1ebf6f579792bb1

COCOAPODS: 1.11.3
